
Microsoft Visual Studio Solution File, Format Version 12.00
# Visual Studio Version 17
VisualStudioVersion = 17.2.32630.192
MinimumVisualStudioVersion = 10.0.40219.1
Project("{FAE04EC0-301F-11D3-BF4B-00C04F79EFBC}") = "ShopeeUI", "ShopeeUI\ShopeeUI.csproj", "{4518615A-EC10-4840-931E-738CC100F06F}"
EndProject
Global
	GlobalSection(SolutionConfigurationPlatforms) = preSolution
		Debug|Any CPU = Debug|Any CPU
		Release|Any CPU = Release|Any CPU
	EndGlobalSection
	GlobalSection(ProjectConfigurationPlatforms) = postSolution
		{4518615A-EC10-4840-931E-738CC100F06F}.Debug|Any CPU.ActiveCfg = Debug|Any CPU
		{4518615A-EC10-4840-931E-738CC100F06F}.Debug|Any CPU.Build.0 = Debug|Any CPU
		{4518615A-EC10-4840-931E-738CC100F06F}.Release|Any CPU.ActiveCfg = Release|Any CPU
		{4518615A-EC10-4840-931E-738CC100F06F}.Release|Any CPU.Build.0 = Release|Any CPU
	EndGlobalSection
	GlobalSection(SolutionProperties) = preSolution
		HideSolutionNode = FALSE
	EndGlobalSection
	GlobalSection(ExtensibilityGlobals) = postSolution
		SolutionGuid = {FA7ADE51-9364-48C9-B08A-FA565597D4D2}
	EndGlobalSection
EndGlobal
