<?xml version="1.0" encoding="utf-8"?>
<Project ToolsVersion="4.0" xmlns="http://schemas.microsoft.com/developer/msbuild/2003">
  <ItemGroup>
    <Filter Include="Source Files">
      <UniqueIdentifier>{4FC737F1-C7A5-4376-A066-2A32D752A2FF}</UniqueIdentifier>
      <Extensions>cpp;c;cc;cxx;c++;cppm;ixx;def;odl;idl;hpj;bat;asm;asmx</Extensions>
    </Filter>
    <Filter Include="Header Files">
      <UniqueIdentifier>{93995380-89BD-4b04-88EB-625FBE52EBFB}</UniqueIdentifier>
      <Extensions>h;hh;hpp;hxx;h++;hm;inl;inc;ipp;xsd</Extensions>
    </Filter>
    <Filter Include="Resource Files">
      <UniqueIdentifier>{67DA6AB6-F800-4c08-8B7A-83BB121AAD01}</UniqueIdentifier>
      <Extensions>rc;ico;cur;bmp;dlg;rc2;rct;bin;rgs;gif;jpg;jpeg;jpe;resx;tiff;tif;png;wav;mfcribbon-ms</Extensions>
    </Filter>
  </ItemGroup>
  <ItemGroup>
    <ClCompile Include="pch.cpp">
      <Filter>Source Files</Filter>
    </ClCompile>
    <ClCompile Include="Source\Class\ConnectionPool\ConnectionPool.cpp">
      <Filter>Source Files</Filter>
    </ClCompile>
    <ClCompile Include="Source\Class\S3W\S3Wrapper.cpp">
      <Filter>Source Files</Filter>
    </ClCompile>
    <ClCompile Include="Source\Class\ServiceBase\ServiceBase.cpp">
      <Filter>Source Files</Filter>
    </ClCompile>
    <ClCompile Include="Source\Class\ServiceInstaller\ServiceInstaller.cpp">
      <Filter>Source Files</Filter>
    </ClCompile>
    <ClCompile Include="Source\Class\User\User.cpp">
      <Filter>Source Files</Filter>
    </ClCompile>
    <ClCompile Include="Source\Class\UUID\uuid_4.cpp">
      <Filter>Source Files</Filter>
    </ClCompile>
    <ClCompile Include="Source\Service\Control\MainControl\IDNService.cpp">
      <Filter>Source Files</Filter>
    </ClCompile>
    <ClCompile Include="Source\Service\Model\CModel\Model.cpp">
      <Filter>Source Files</Filter>
    </ClCompile>
    <ClCompile Include="Source\MainService.cpp">
      <Filter>Source Files</Filter>
    </ClCompile>
    <ClCompile Include="Source\Class\CConfig\Config.cpp">
      <Filter>Source Files</Filter>
    </ClCompile>
    <ClCompile Include="Source\Class\ErrorCode\Error_code.cpp">
      <Filter>Source Files</Filter>
    </ClCompile>
    <ClCompile Include="Source\Service\Model\UserModel\UserModel.cpp">
      <Filter>Source Files</Filter>
    </ClCompile>
    <ClCompile Include="Source\Service\Control\MiddlewareControl\MiddlewareControl.cpp">
      <Filter>Source Files</Filter>
    </ClCompile>
    <ClCompile Include="Source\Class\ConnectionPool\CrowRequestPool.cpp">
      <Filter>Source Files</Filter>
    </ClCompile>
    <ClCompile Include="Source\Class\ConnectionPool\ConnectionManager.cpp">
      <Filter>Source Files</Filter>
    </ClCompile>
    <ClCompile Include="Source\Class\UUID\UuidGenerator.cpp">
      <Filter>Source Files</Filter>
    </ClCompile>
    <ClCompile Include="Source\Service\Model\ResourceModel\ResourceModel.cpp">
      <Filter>Source Files</Filter>
    </ClCompile>
    <ClCompile Include="Source\Class\Resource\Resource.cpp">
      <Filter>Source Files</Filter>
    </ClCompile>
    <ClCompile Include="Source\Service\Model\ProviderModel\ProviderModel.cpp">
      <Filter>Source Files</Filter>
    </ClCompile>
    <ClCompile Include="Source\Class\Inc\Task\task_impl.cpp">
      <Filter>Source Files</Filter>
    </ClCompile>
    <ClCompile Include="Source\Service\Control\ServicemeshControl\ServicemeshControl.cpp">
      <Filter>Source Files</Filter>
    </ClCompile>
  </ItemGroup>
  <ItemGroup>
    <ClInclude Include="pch.h">
      <Filter>Header Files</Filter>
    </ClInclude>
    <ClInclude Include="Lib\AWS\include\aws\auth\auth.h">
      <Filter>Header Files</Filter>
    </ClInclude>
    <ClInclude Include="Lib\AWS\include\aws\auth\aws_imds_client.h">
      <Filter>Header Files</Filter>
    </ClInclude>
    <ClInclude Include="Lib\AWS\include\aws\auth\credentials.h">
      <Filter>Header Files</Filter>
    </ClInclude>
    <ClInclude Include="Lib\AWS\include\aws\auth\exports.h">
      <Filter>Header Files</Filter>
    </ClInclude>
    <ClInclude Include="Lib\AWS\include\aws\auth\signable.h">
      <Filter>Header Files</Filter>
    </ClInclude>
    <ClInclude Include="Lib\AWS\include\aws\auth\signing.h">
      <Filter>Header Files</Filter>
    </ClInclude>
    <ClInclude Include="Lib\AWS\include\aws\auth\signing_config.h">
      <Filter>Header Files</Filter>
    </ClInclude>
    <ClInclude Include="Lib\AWS\include\aws\auth\signing_result.h">
      <Filter>Header Files</Filter>
    </ClInclude>
    <ClInclude Include="Lib\AWS\include\aws\cal\cal.h">
      <Filter>Header Files</Filter>
    </ClInclude>
    <ClInclude Include="Lib\AWS\include\aws\cal\ecc.h">
      <Filter>Header Files</Filter>
    </ClInclude>
    <ClInclude Include="Lib\AWS\include\aws\cal\exports.h">
      <Filter>Header Files</Filter>
    </ClInclude>
    <ClInclude Include="Lib\AWS\include\aws\cal\hash.h">
      <Filter>Header Files</Filter>
    </ClInclude>
    <ClInclude Include="Lib\AWS\include\aws\cal\hmac.h">
      <Filter>Header Files</Filter>
    </ClInclude>
    <ClInclude Include="Lib\AWS\include\aws\checksums\crc.h">
      <Filter>Header Files</Filter>
    </ClInclude>
    <ClInclude Include="Lib\AWS\include\aws\checksums\exports.h">
      <Filter>Header Files</Filter>
    </ClInclude>
    <ClInclude Include="Lib\AWS\include\aws\common\allocator.h">
      <Filter>Header Files</Filter>
    </ClInclude>
    <ClInclude Include="Lib\AWS\include\aws\common\array_list.h">
      <Filter>Header Files</Filter>
    </ClInclude>
    <ClInclude Include="Lib\AWS\include\aws\common\assert.h">
      <Filter>Header Files</Filter>
    </ClInclude>
    <ClInclude Include="Lib\AWS\include\aws\common\atomics.h">
      <Filter>Header Files</Filter>
    </ClInclude>
    <ClInclude Include="Lib\AWS\include\aws\common\bus.h">
      <Filter>Header Files</Filter>
    </ClInclude>
    <ClInclude Include="Lib\AWS\include\aws\common\byte_buf.h">
      <Filter>Header Files</Filter>
    </ClInclude>
    <ClInclude Include="Lib\AWS\include\aws\common\byte_order.h">
      <Filter>Header Files</Filter>
    </ClInclude>
    <ClInclude Include="Lib\AWS\include\aws\common\cache.h">
      <Filter>Header Files</Filter>
    </ClInclude>
    <ClInclude Include="Lib\AWS\include\aws\common\clock.h">
      <Filter>Header Files</Filter>
    </ClInclude>
    <ClInclude Include="Lib\AWS\include\aws\common\command_line_parser.h">
      <Filter>Header Files</Filter>
    </ClInclude>
    <ClInclude Include="Lib\AWS\include\aws\common\common.h">
      <Filter>Header Files</Filter>
    </ClInclude>
    <ClInclude Include="Lib\AWS\include\aws\common\condition_variable.h">
      <Filter>Header Files</Filter>
    </ClInclude>
    <ClInclude Include="Lib\AWS\include\aws\common\config.h">
      <Filter>Header Files</Filter>
    </ClInclude>
    <ClInclude Include="Lib\AWS\include\aws\common\cpuid.h">
      <Filter>Header Files</Filter>
    </ClInclude>
    <ClInclude Include="Lib\AWS\include\aws\common\date_time.h">
      <Filter>Header Files</Filter>
    </ClInclude>
    <ClInclude Include="Lib\AWS\include\aws\common\device_random.h">
      <Filter>Header Files</Filter>
    </ClInclude>
    <ClInclude Include="Lib\AWS\include\aws\common\encoding.h">
      <Filter>Header Files</Filter>
    </ClInclude>
    <ClInclude Include="Lib\AWS\include\aws\common\environment.h">
      <Filter>Header Files</Filter>
    </ClInclude>
    <ClInclude Include="Lib\AWS\include\aws\common\error.h">
      <Filter>Header Files</Filter>
    </ClInclude>
    <ClInclude Include="Lib\AWS\include\aws\common\exports.h">
      <Filter>Header Files</Filter>
    </ClInclude>
    <ClInclude Include="Lib\AWS\include\aws\common\fifo_cache.h">
      <Filter>Header Files</Filter>
    </ClInclude>
    <ClInclude Include="Lib\AWS\include\aws\common\file.h">
      <Filter>Header Files</Filter>
    </ClInclude>
    <ClInclude Include="Lib\AWS\include\aws\common\hash_table.h">
      <Filter>Header Files</Filter>
    </ClInclude>
    <ClInclude Include="Lib\AWS\include\aws\common\lifo_cache.h">
      <Filter>Header Files</Filter>
    </ClInclude>
    <ClInclude Include="Lib\AWS\include\aws\common\linked_hash_table.h">
      <Filter>Header Files</Filter>
    </ClInclude>
    <ClInclude Include="Lib\AWS\include\aws\common\linked_list.h">
      <Filter>Header Files</Filter>
    </ClInclude>
    <ClInclude Include="Lib\AWS\include\aws\common\logging.h">
      <Filter>Header Files</Filter>
    </ClInclude>
    <ClInclude Include="Lib\AWS\include\aws\common\log_channel.h">
      <Filter>Header Files</Filter>
    </ClInclude>
    <ClInclude Include="Lib\AWS\include\aws\common\log_formatter.h">
      <Filter>Header Files</Filter>
    </ClInclude>
    <ClInclude Include="Lib\AWS\include\aws\common\log_writer.h">
      <Filter>Header Files</Filter>
    </ClInclude>
    <ClInclude Include="Lib\AWS\include\aws\common\lru_cache.h">
      <Filter>Header Files</Filter>
    </ClInclude>
    <ClInclude Include="Lib\AWS\include\aws\common\macros.h">
      <Filter>Header Files</Filter>
    </ClInclude>
    <ClInclude Include="Lib\AWS\include\aws\common\math.h">
      <Filter>Header Files</Filter>
    </ClInclude>
    <ClInclude Include="Lib\AWS\include\aws\common\mutex.h">
      <Filter>Header Files</Filter>
    </ClInclude>
    <ClInclude Include="Lib\AWS\include\aws\common\package.h">
      <Filter>Header Files</Filter>
    </ClInclude>
    <ClInclude Include="Lib\AWS\include\aws\common\platform.h">
      <Filter>Header Files</Filter>
    </ClInclude>
    <ClInclude Include="Lib\AWS\include\aws\common\predicates.h">
      <Filter>Header Files</Filter>
    </ClInclude>
    <ClInclude Include="Lib\AWS\include\aws\common\priority_queue.h">
      <Filter>Header Files</Filter>
    </ClInclude>
    <ClInclude Include="Lib\AWS\include\aws\common\process.h">
      <Filter>Header Files</Filter>
    </ClInclude>
    <ClInclude Include="Lib\AWS\include\aws\common\promise.h">
      <Filter>Header Files</Filter>
    </ClInclude>
    <ClInclude Include="Lib\AWS\include\aws\common\ref_count.h">
      <Filter>Header Files</Filter>
    </ClInclude>
    <ClInclude Include="Lib\AWS\include\aws\common\resource_name.h">
      <Filter>Header Files</Filter>
    </ClInclude>
    <ClInclude Include="Lib\AWS\include\aws\common\ring_buffer.h">
      <Filter>Header Files</Filter>
    </ClInclude>
    <ClInclude Include="Lib\AWS\include\aws\common\rw_lock.h">
      <Filter>Header Files</Filter>
    </ClInclude>
    <ClInclude Include="Lib\AWS\include\aws\common\statistics.h">
      <Filter>Header Files</Filter>
    </ClInclude>
    <ClInclude Include="Lib\AWS\include\aws\common\stdbool.h">
      <Filter>Header Files</Filter>
    </ClInclude>
    <ClInclude Include="Lib\AWS\include\aws\common\stdint.h">
      <Filter>Header Files</Filter>
    </ClInclude>
    <ClInclude Include="Lib\AWS\include\aws\common\string.h">
      <Filter>Header Files</Filter>
    </ClInclude>
    <ClInclude Include="Lib\AWS\include\aws\common\system_info.h">
      <Filter>Header Files</Filter>
    </ClInclude>
    <ClInclude Include="Lib\AWS\include\aws\common\task_scheduler.h">
      <Filter>Header Files</Filter>
    </ClInclude>
    <ClInclude Include="Lib\AWS\include\aws\common\thread.h">
      <Filter>Header Files</Filter>
    </ClInclude>
    <ClInclude Include="Lib\AWS\include\aws\common\thread_scheduler.h">
      <Filter>Header Files</Filter>
    </ClInclude>
    <ClInclude Include="Lib\AWS\include\aws\common\time.h">
      <Filter>Header Files</Filter>
    </ClInclude>
    <ClInclude Include="Lib\AWS\include\aws\common\uuid.h">
      <Filter>Header Files</Filter>
    </ClInclude>
    <ClInclude Include="Lib\AWS\include\aws\common\xml_parser.h">
      <Filter>Header Files</Filter>
    </ClInclude>
    <ClInclude Include="Lib\AWS\include\aws\common\zero.h">
      <Filter>Header Files</Filter>
    </ClInclude>
    <ClInclude Include="Lib\AWS\include\aws\compression\compression.h">
      <Filter>Header Files</Filter>
    </ClInclude>
    <ClInclude Include="Lib\AWS\include\aws\compression\exports.h">
      <Filter>Header Files</Filter>
    </ClInclude>
    <ClInclude Include="Lib\AWS\include\aws\compression\huffman.h">
      <Filter>Header Files</Filter>
    </ClInclude>
    <ClInclude Include="Lib\AWS\include\aws\core\AmazonSerializableWebServiceRequest.h">
      <Filter>Header Files</Filter>
    </ClInclude>
    <ClInclude Include="Lib\AWS\include\aws\core\AmazonStreamingWebServiceRequest.h">
      <Filter>Header Files</Filter>
    </ClInclude>
    <ClInclude Include="Lib\AWS\include\aws\core\AmazonWebServiceRequest.h">
      <Filter>Header Files</Filter>
    </ClInclude>
    <ClInclude Include="Lib\AWS\include\aws\core\AmazonWebServiceResult.h">
      <Filter>Header Files</Filter>
    </ClInclude>
    <ClInclude Include="Lib\AWS\include\aws\core\auth\AWSAuthSigner.h">
      <Filter>Header Files</Filter>
    </ClInclude>
    <ClInclude Include="Lib\AWS\include\aws\core\auth\AWSAuthSignerProvider.h">
      <Filter>Header Files</Filter>
    </ClInclude>
    <ClInclude Include="Lib\AWS\include\aws\core\auth\AWSCredentials.h">
      <Filter>Header Files</Filter>
    </ClInclude>
    <ClInclude Include="Lib\AWS\include\aws\core\auth\AWSCredentialsProvider.h">
      <Filter>Header Files</Filter>
    </ClInclude>
    <ClInclude Include="Lib\AWS\include\aws\core\auth\AWSCredentialsProviderChain.h">
      <Filter>Header Files</Filter>
    </ClInclude>
    <ClInclude Include="Lib\AWS\include\aws\core\auth\SSOCredentialsProvider.h">
      <Filter>Header Files</Filter>
    </ClInclude>
    <ClInclude Include="Lib\AWS\include\aws\core\auth\STSCredentialsProvider.h">
      <Filter>Header Files</Filter>
    </ClInclude>
    <ClInclude Include="Lib\AWS\include\aws\core\Aws.h">
      <Filter>Header Files</Filter>
    </ClInclude>
    <ClInclude Include="Lib\AWS\include\aws\core\client\AdaptiveRetryStrategy.h">
      <Filter>Header Files</Filter>
    </ClInclude>
    <ClInclude Include="Lib\AWS\include\aws\core\client\AsyncCallerContext.h">
      <Filter>Header Files</Filter>
    </ClInclude>
    <ClInclude Include="Lib\AWS\include\aws\core\client\AWSClient.h">
      <Filter>Header Files</Filter>
    </ClInclude>
    <ClInclude Include="Lib\AWS\include\aws\core\client\AWSError.h">
      <Filter>Header Files</Filter>
    </ClInclude>
    <ClInclude Include="Lib\AWS\include\aws\core\client\AWSErrorMarshaller.h">
      <Filter>Header Files</Filter>
    </ClInclude>
    <ClInclude Include="Lib\AWS\include\aws\core\client\ClientConfiguration.h">
      <Filter>Header Files</Filter>
    </ClInclude>
    <ClInclude Include="Lib\AWS\include\aws\core\client\CoreErrors.h">
      <Filter>Header Files</Filter>
    </ClInclude>
    <ClInclude Include="Lib\AWS\include\aws\core\client\DefaultRetryStrategy.h">
      <Filter>Header Files</Filter>
    </ClInclude>
    <ClInclude Include="Lib\AWS\include\aws\core\client\RetryStrategy.h">
      <Filter>Header Files</Filter>
    </ClInclude>
    <ClInclude Include="Lib\AWS\include\aws\core\client\SpecifiedRetryableErrorsRetryStrategy.h">
      <Filter>Header Files</Filter>
    </ClInclude>
    <ClInclude Include="Lib\AWS\include\aws\core\config\AWSProfileConfigLoader.h">
      <Filter>Header Files</Filter>
    </ClInclude>
    <ClInclude Include="Lib\AWS\include\aws\core\Core_EXPORTS.h">
      <Filter>Header Files</Filter>
    </ClInclude>
    <ClInclude Include="Lib\AWS\include\aws\core\external\cjson\cJSON.h">
      <Filter>Header Files</Filter>
    </ClInclude>
    <ClInclude Include="Lib\AWS\include\aws\core\external\tinyxml2\tinyxml2.h">
      <Filter>Header Files</Filter>
    </ClInclude>
    <ClInclude Include="Lib\AWS\include\aws\core\Globals.h">
      <Filter>Header Files</Filter>
    </ClInclude>
    <ClInclude Include="Lib\AWS\include\aws\core\http\HttpClient.h">
      <Filter>Header Files</Filter>
    </ClInclude>
    <ClInclude Include="Lib\AWS\include\aws\core\http\HttpClientFactory.h">
      <Filter>Header Files</Filter>
    </ClInclude>
    <ClInclude Include="Lib\AWS\include\aws\core\http\HttpRequest.h">
      <Filter>Header Files</Filter>
    </ClInclude>
    <ClInclude Include="Lib\AWS\include\aws\core\http\HttpResponse.h">
      <Filter>Header Files</Filter>
    </ClInclude>
    <ClInclude Include="Lib\AWS\include\aws\core\http\HttpTypes.h">
      <Filter>Header Files</Filter>
    </ClInclude>
    <ClInclude Include="Lib\AWS\include\aws\core\http\Scheme.h">
      <Filter>Header Files</Filter>
    </ClInclude>
    <ClInclude Include="Lib\AWS\include\aws\core\http\standard\StandardHttpRequest.h">
      <Filter>Header Files</Filter>
    </ClInclude>
    <ClInclude Include="Lib\AWS\include\aws\core\http\standard\StandardHttpResponse.h">
      <Filter>Header Files</Filter>
    </ClInclude>
    <ClInclude Include="Lib\AWS\include\aws\core\http\URI.h">
      <Filter>Header Files</Filter>
    </ClInclude>
    <ClInclude Include="Lib\AWS\include\aws\core\http\windows\WinConnectionPoolMgr.h">
      <Filter>Header Files</Filter>
    </ClInclude>
    <ClInclude Include="Lib\AWS\include\aws\core\http\windows\WinHttpConnectionPoolMgr.h">
      <Filter>Header Files</Filter>
    </ClInclude>
    <ClInclude Include="Lib\AWS\include\aws\core\http\windows\WinHttpSyncHttpClient.h">
      <Filter>Header Files</Filter>
    </ClInclude>
    <ClInclude Include="Lib\AWS\include\aws\core\http\windows\WinINetConnectionPoolMgr.h">
      <Filter>Header Files</Filter>
    </ClInclude>
    <ClInclude Include="Lib\AWS\include\aws\core\http\windows\WinINetSyncHttpClient.h">
      <Filter>Header Files</Filter>
    </ClInclude>
    <ClInclude Include="Lib\AWS\include\aws\core\http\windows\WinSyncHttpClient.h">
      <Filter>Header Files</Filter>
    </ClInclude>
    <ClInclude Include="Lib\AWS\include\aws\core\internal\AWSHttpResourceClient.h">
      <Filter>Header Files</Filter>
    </ClInclude>
    <ClInclude Include="Lib\AWS\include\aws\core\monitoring\CoreMetrics.h">
      <Filter>Header Files</Filter>
    </ClInclude>
    <ClInclude Include="Lib\AWS\include\aws\core\monitoring\DefaultMonitoring.h">
      <Filter>Header Files</Filter>
    </ClInclude>
    <ClInclude Include="Lib\AWS\include\aws\core\monitoring\HttpClientMetrics.h">
      <Filter>Header Files</Filter>
    </ClInclude>
    <ClInclude Include="Lib\AWS\include\aws\core\monitoring\MonitoringFactory.h">
      <Filter>Header Files</Filter>
    </ClInclude>
    <ClInclude Include="Lib\AWS\include\aws\core\monitoring\MonitoringInterface.h">
      <Filter>Header Files</Filter>
    </ClInclude>
    <ClInclude Include="Lib\AWS\include\aws\core\monitoring\MonitoringManager.h">
      <Filter>Header Files</Filter>
    </ClInclude>
    <ClInclude Include="Lib\AWS\include\aws\core\net\Net.h">
      <Filter>Header Files</Filter>
    </ClInclude>
    <ClInclude Include="Lib\AWS\include\aws\core\net\SimpleUDP.h">
      <Filter>Header Files</Filter>
    </ClInclude>
    <ClInclude Include="Lib\AWS\include\aws\core\NoResult.h">
      <Filter>Header Files</Filter>
    </ClInclude>
    <ClInclude Include="Lib\AWS\include\aws\core\platform\Android.h">
      <Filter>Header Files</Filter>
    </ClInclude>
    <ClInclude Include="Lib\AWS\include\aws\core\platform\Environment.h">
      <Filter>Header Files</Filter>
    </ClInclude>
    <ClInclude Include="Lib\AWS\include\aws\core\platform\FileSystem.h">
      <Filter>Header Files</Filter>
    </ClInclude>
    <ClInclude Include="Lib\AWS\include\aws\core\platform\OSVersionInfo.h">
      <Filter>Header Files</Filter>
    </ClInclude>
    <ClInclude Include="Lib\AWS\include\aws\core\platform\Platform.h">
      <Filter>Header Files</Filter>
    </ClInclude>
    <ClInclude Include="Lib\AWS\include\aws\core\platform\Security.h">
      <Filter>Header Files</Filter>
    </ClInclude>
    <ClInclude Include="Lib\AWS\include\aws\core\platform\Time.h">
      <Filter>Header Files</Filter>
    </ClInclude>
    <ClInclude Include="Lib\AWS\include\aws\core\Region.h">
      <Filter>Header Files</Filter>
    </ClInclude>
    <ClInclude Include="Lib\AWS\include\aws\core\SDKConfig.h">
      <Filter>Header Files</Filter>
    </ClInclude>
    <ClInclude Include="Lib\AWS\include\aws\core\utils\ARN.h">
      <Filter>Header Files</Filter>
    </ClInclude>
    <ClInclude Include="Lib\AWS\include\aws\core\utils\Array.h">
      <Filter>Header Files</Filter>
    </ClInclude>
    <ClInclude Include="Lib\AWS\include\aws\core\utils\base64\Base64.h">
      <Filter>Header Files</Filter>
    </ClInclude>
    <ClInclude Include="Lib\AWS\include\aws\core\utils\Cache.h">
      <Filter>Header Files</Filter>
    </ClInclude>
    <ClInclude Include="Lib\AWS\include\aws\core\utils\ConcurrentCache.h">
      <Filter>Header Files</Filter>
    </ClInclude>
    <ClInclude Include="Lib\AWS\include\aws\core\utils\crypto\bcrypt\CryptoImpl.h">
      <Filter>Header Files</Filter>
    </ClInclude>
    <ClInclude Include="Lib\AWS\include\aws\core\utils\crypto\Cipher.h">
      <Filter>Header Files</Filter>
    </ClInclude>
    <ClInclude Include="Lib\AWS\include\aws\core\utils\crypto\ContentCryptoMaterial.h">
      <Filter>Header Files</Filter>
    </ClInclude>
    <ClInclude Include="Lib\AWS\include\aws\core\utils\crypto\ContentCryptoScheme.h">
      <Filter>Header Files</Filter>
    </ClInclude>
    <ClInclude Include="Lib\AWS\include\aws\core\utils\crypto\CryptoBuf.h">
      <Filter>Header Files</Filter>
    </ClInclude>
    <ClInclude Include="Lib\AWS\include\aws\core\utils\crypto\CryptoStream.h">
      <Filter>Header Files</Filter>
    </ClInclude>
    <ClInclude Include="Lib\AWS\include\aws\core\utils\crypto\EncryptionMaterials.h">
      <Filter>Header Files</Filter>
    </ClInclude>
    <ClInclude Include="Lib\AWS\include\aws\core\utils\crypto\Factories.h">
      <Filter>Header Files</Filter>
    </ClInclude>
    <ClInclude Include="Lib\AWS\include\aws\core\utils\crypto\Hash.h">
      <Filter>Header Files</Filter>
    </ClInclude>
    <ClInclude Include="Lib\AWS\include\aws\core\utils\crypto\HashResult.h">
      <Filter>Header Files</Filter>
    </ClInclude>
    <ClInclude Include="Lib\AWS\include\aws\core\utils\crypto\HMAC.h">
      <Filter>Header Files</Filter>
    </ClInclude>
    <ClInclude Include="Lib\AWS\include\aws\core\utils\crypto\KeyWrapAlgorithm.h">
      <Filter>Header Files</Filter>
    </ClInclude>
    <ClInclude Include="Lib\AWS\include\aws\core\utils\crypto\MD5.h">
      <Filter>Header Files</Filter>
    </ClInclude>
    <ClInclude Include="Lib\AWS\include\aws\core\utils\crypto\SecureRandom.h">
      <Filter>Header Files</Filter>
    </ClInclude>
    <ClInclude Include="Lib\AWS\include\aws\core\utils\crypto\Sha1.h">
      <Filter>Header Files</Filter>
    </ClInclude>
    <ClInclude Include="Lib\AWS\include\aws\core\utils\crypto\Sha256.h">
      <Filter>Header Files</Filter>
    </ClInclude>
    <ClInclude Include="Lib\AWS\include\aws\core\utils\crypto\Sha256HMAC.h">
      <Filter>Header Files</Filter>
    </ClInclude>
    <ClInclude Include="Lib\AWS\include\aws\core\utils\DateTime.h">
      <Filter>Header Files</Filter>
    </ClInclude>
    <ClInclude Include="Lib\AWS\include\aws\core\utils\DNS.h">
      <Filter>Header Files</Filter>
    </ClInclude>
    <ClInclude Include="Lib\AWS\include\aws\core\utils\Document.h">
      <Filter>Header Files</Filter>
    </ClInclude>
    <ClInclude Include="Lib\AWS\include\aws\core\utils\EnumParseOverflowContainer.h">
      <Filter>Header Files</Filter>
    </ClInclude>
    <ClInclude Include="Lib\AWS\include\aws\core\utils\event\EventDecoderStream.h">
      <Filter>Header Files</Filter>
    </ClInclude>
    <ClInclude Include="Lib\AWS\include\aws\core\utils\event\EventEncoderStream.h">
      <Filter>Header Files</Filter>
    </ClInclude>
    <ClInclude Include="Lib\AWS\include\aws\core\utils\event\EventHeader.h">
      <Filter>Header Files</Filter>
    </ClInclude>
    <ClInclude Include="Lib\AWS\include\aws\core\utils\event\EventMessage.h">
      <Filter>Header Files</Filter>
    </ClInclude>
    <ClInclude Include="Lib\AWS\include\aws\core\utils\event\EventStream.h">
      <Filter>Header Files</Filter>
    </ClInclude>
    <ClInclude Include="Lib\AWS\include\aws\core\utils\event\EventStreamBuf.h">
      <Filter>Header Files</Filter>
    </ClInclude>
    <ClInclude Include="Lib\AWS\include\aws\core\utils\event\EventStreamDecoder.h">
      <Filter>Header Files</Filter>
    </ClInclude>
    <ClInclude Include="Lib\AWS\include\aws\core\utils\event\EventStreamEncoder.h">
      <Filter>Header Files</Filter>
    </ClInclude>
    <ClInclude Include="Lib\AWS\include\aws\core\utils\event\EventStreamErrors.h">
      <Filter>Header Files</Filter>
    </ClInclude>
    <ClInclude Include="Lib\AWS\include\aws\core\utils\event\EventStreamHandler.h">
      <Filter>Header Files</Filter>
    </ClInclude>
    <ClInclude Include="Lib\AWS\include\aws\core\utils\FileSystemUtils.h">
      <Filter>Header Files</Filter>
    </ClInclude>
    <ClInclude Include="Lib\AWS\include\aws\core\utils\GetTheLights.h">
      <Filter>Header Files</Filter>
    </ClInclude>
    <ClInclude Include="Lib\AWS\include\aws\core\utils\HashingUtils.h">
      <Filter>Header Files</Filter>
    </ClInclude>
    <ClInclude Include="Lib\AWS\include\aws\core\utils\json\JsonSerializer.h">
      <Filter>Header Files</Filter>
    </ClInclude>
    <ClInclude Include="Lib\AWS\include\aws\core\utils\logging\AWSLogging.h">
      <Filter>Header Files</Filter>
    </ClInclude>
    <ClInclude Include="Lib\AWS\include\aws\core\utils\logging\ConsoleLogSystem.h">
      <Filter>Header Files</Filter>
    </ClInclude>
    <ClInclude Include="Lib\AWS\include\aws\core\utils\logging\CRTLogging.h">
      <Filter>Header Files</Filter>
    </ClInclude>
    <ClInclude Include="Lib\AWS\include\aws\core\utils\logging\CRTLogSystem.h">
      <Filter>Header Files</Filter>
    </ClInclude>
    <ClInclude Include="Lib\AWS\include\aws\core\utils\logging\DefaultLogSystem.h">
      <Filter>Header Files</Filter>
    </ClInclude>
    <ClInclude Include="Lib\AWS\include\aws\core\utils\logging\FormattedLogSystem.h">
      <Filter>Header Files</Filter>
    </ClInclude>
    <ClInclude Include="Lib\AWS\include\aws\core\utils\logging\LogLevel.h">
      <Filter>Header Files</Filter>
    </ClInclude>
    <ClInclude Include="Lib\AWS\include\aws\core\utils\logging\LogMacros.h">
      <Filter>Header Files</Filter>
    </ClInclude>
    <ClInclude Include="Lib\AWS\include\aws\core\utils\logging\LogSystemInterface.h">
      <Filter>Header Files</Filter>
    </ClInclude>
    <ClInclude Include="Lib\AWS\include\aws\core\utils\logging\NullLogSystem.h">
      <Filter>Header Files</Filter>
    </ClInclude>
    <ClInclude Include="Lib\AWS\include\aws\core\utils\memory\AWSMemory.h">
      <Filter>Header Files</Filter>
    </ClInclude>
    <ClInclude Include="Lib\AWS\include\aws\core\utils\memory\MemorySystemInterface.h">
      <Filter>Header Files</Filter>
    </ClInclude>
    <ClInclude Include="Lib\AWS\include\aws\core\utils\memory\stl\AWSAllocator.h">
      <Filter>Header Files</Filter>
    </ClInclude>
    <ClInclude Include="Lib\AWS\include\aws\core\utils\memory\stl\AWSDeque.h">
      <Filter>Header Files</Filter>
    </ClInclude>
    <ClInclude Include="Lib\AWS\include\aws\core\utils\memory\stl\AWSList.h">
      <Filter>Header Files</Filter>
    </ClInclude>
    <ClInclude Include="Lib\AWS\include\aws\core\utils\memory\stl\AWSMap.h">
      <Filter>Header Files</Filter>
    </ClInclude>
    <ClInclude Include="Lib\AWS\include\aws\core\utils\memory\stl\AWSMultiMap.h">
      <Filter>Header Files</Filter>
    </ClInclude>
    <ClInclude Include="Lib\AWS\include\aws\core\utils\memory\stl\AWSQueue.h">
      <Filter>Header Files</Filter>
    </ClInclude>
    <ClInclude Include="Lib\AWS\include\aws\core\utils\memory\stl\AWSSet.h">
      <Filter>Header Files</Filter>
    </ClInclude>
    <ClInclude Include="Lib\AWS\include\aws\core\utils\memory\stl\AWSStack.h">
      <Filter>Header Files</Filter>
    </ClInclude>
    <ClInclude Include="Lib\AWS\include\aws\core\utils\memory\stl\AWSStreamFwd.h">
      <Filter>Header Files</Filter>
    </ClInclude>
    <ClInclude Include="Lib\AWS\include\aws\core\utils\memory\stl\AWSString.h">
      <Filter>Header Files</Filter>
    </ClInclude>
    <ClInclude Include="Lib\AWS\include\aws\core\utils\memory\stl\AWSStringStream.h">
      <Filter>Header Files</Filter>
    </ClInclude>
    <ClInclude Include="Lib\AWS\include\aws\core\utils\memory\stl\AWSVector.h">
      <Filter>Header Files</Filter>
    </ClInclude>
    <ClInclude Include="Lib\AWS\include\aws\core\utils\memory\stl\SimpleStringStream.h">
      <Filter>Header Files</Filter>
    </ClInclude>
    <ClInclude Include="Lib\AWS\include\aws\core\utils\Outcome.h">
      <Filter>Header Files</Filter>
    </ClInclude>
    <ClInclude Include="Lib\AWS\include\aws\core\utils\ratelimiter\DefaultRateLimiter.h">
      <Filter>Header Files</Filter>
    </ClInclude>
    <ClInclude Include="Lib\AWS\include\aws\core\utils\ratelimiter\RateLimiterInterface.h">
      <Filter>Header Files</Filter>
    </ClInclude>
    <ClInclude Include="Lib\AWS\include\aws\core\utils\ResourceManager.h">
      <Filter>Header Files</Filter>
    </ClInclude>
    <ClInclude Include="Lib\AWS\include\aws\core\utils\stream\ConcurrentStreamBuf.h">
      <Filter>Header Files</Filter>
    </ClInclude>
    <ClInclude Include="Lib\AWS\include\aws\core\utils\stream\PreallocatedStreamBuf.h">
      <Filter>Header Files</Filter>
    </ClInclude>
    <ClInclude Include="Lib\AWS\include\aws\core\utils\stream\ResponseStream.h">
      <Filter>Header Files</Filter>
    </ClInclude>
    <ClInclude Include="Lib\AWS\include\aws\core\utils\stream\SimpleStreamBuf.h">
      <Filter>Header Files</Filter>
    </ClInclude>
    <ClInclude Include="Lib\AWS\include\aws\core\utils\StringUtils.h">
      <Filter>Header Files</Filter>
    </ClInclude>
    <ClInclude Include="Lib\AWS\include\aws\core\utils\threading\Executor.h">
      <Filter>Header Files</Filter>
    </ClInclude>
    <ClInclude Include="Lib\AWS\include\aws\core\utils\threading\ReaderWriterLock.h">
      <Filter>Header Files</Filter>
    </ClInclude>
    <ClInclude Include="Lib\AWS\include\aws\core\utils\threading\Semaphore.h">
      <Filter>Header Files</Filter>
    </ClInclude>
    <ClInclude Include="Lib\AWS\include\aws\core\utils\threading\ThreadTask.h">
      <Filter>Header Files</Filter>
    </ClInclude>
    <ClInclude Include="Lib\AWS\include\aws\core\utils\UnreferencedParam.h">
      <Filter>Header Files</Filter>
    </ClInclude>
    <ClInclude Include="Lib\AWS\include\aws\core\utils\UUID.h">
      <Filter>Header Files</Filter>
    </ClInclude>
    <ClInclude Include="Lib\AWS\include\aws\core\utils\xml\XmlSerializer.h">
      <Filter>Header Files</Filter>
    </ClInclude>
    <ClInclude Include="Lib\AWS\include\aws\core\Version.h">
      <Filter>Header Files</Filter>
    </ClInclude>
    <ClInclude Include="Lib\AWS\include\aws\core\VersionConfig.h">
      <Filter>Header Files</Filter>
    </ClInclude>
    <ClInclude Include="Lib\AWS\include\aws\crt\Api.h">
      <Filter>Header Files</Filter>
    </ClInclude>
    <ClInclude Include="Lib\AWS\include\aws\crt\auth\Credentials.h">
      <Filter>Header Files</Filter>
    </ClInclude>
    <ClInclude Include="Lib\AWS\include\aws\crt\auth\Signing.h">
      <Filter>Header Files</Filter>
    </ClInclude>
    <ClInclude Include="Lib\AWS\include\aws\crt\auth\Sigv4Signing.h">
      <Filter>Header Files</Filter>
    </ClInclude>
    <ClInclude Include="Lib\AWS\include\aws\crt\Config.h">
      <Filter>Header Files</Filter>
    </ClInclude>
    <ClInclude Include="Lib\AWS\include\aws\crt\crypto\Hash.h">
      <Filter>Header Files</Filter>
    </ClInclude>
    <ClInclude Include="Lib\AWS\include\aws\crt\crypto\HMAC.h">
      <Filter>Header Files</Filter>
    </ClInclude>
    <ClInclude Include="Lib\AWS\include\aws\crt\DateTime.h">
      <Filter>Header Files</Filter>
    </ClInclude>
    <ClInclude Include="Lib\AWS\include\aws\crt\Exports.h">
      <Filter>Header Files</Filter>
    </ClInclude>
    <ClInclude Include="Lib\AWS\include\aws\crt\http\HttpConnection.h">
      <Filter>Header Files</Filter>
    </ClInclude>
    <ClInclude Include="Lib\AWS\include\aws\crt\http\HttpConnectionManager.h">
      <Filter>Header Files</Filter>
    </ClInclude>
    <ClInclude Include="Lib\AWS\include\aws\crt\http\HttpProxyStrategy.h">
      <Filter>Header Files</Filter>
    </ClInclude>
    <ClInclude Include="Lib\AWS\include\aws\crt\http\HttpRequestResponse.h">
      <Filter>Header Files</Filter>
    </ClInclude>
    <ClInclude Include="Lib\AWS\include\aws\crt\ImdsClient.h">
      <Filter>Header Files</Filter>
    </ClInclude>
    <ClInclude Include="Lib\AWS\include\aws\crt\io\Bootstrap.h">
      <Filter>Header Files</Filter>
    </ClInclude>
    <ClInclude Include="Lib\AWS\include\aws\crt\io\ChannelHandler.h">
      <Filter>Header Files</Filter>
    </ClInclude>
    <ClInclude Include="Lib\AWS\include\aws\crt\io\EventLoopGroup.h">
      <Filter>Header Files</Filter>
    </ClInclude>
    <ClInclude Include="Lib\AWS\include\aws\crt\io\HostResolver.h">
      <Filter>Header Files</Filter>
    </ClInclude>
    <ClInclude Include="Lib\AWS\include\aws\crt\io\SocketOptions.h">
      <Filter>Header Files</Filter>
    </ClInclude>
    <ClInclude Include="Lib\AWS\include\aws\crt\io\Stream.h">
      <Filter>Header Files</Filter>
    </ClInclude>
    <ClInclude Include="Lib\AWS\include\aws\crt\io\TlsOptions.h">
      <Filter>Header Files</Filter>
    </ClInclude>
    <ClInclude Include="Lib\AWS\include\aws\crt\io\Uri.h">
      <Filter>Header Files</Filter>
    </ClInclude>
    <ClInclude Include="Lib\AWS\include\aws\crt\JsonObject.h">
      <Filter>Header Files</Filter>
    </ClInclude>
    <ClInclude Include="Lib\AWS\include\aws\crt\mqtt\MqttClient.h">
      <Filter>Header Files</Filter>
    </ClInclude>
    <ClInclude Include="Lib\AWS\include\aws\crt\Optional.h">
      <Filter>Header Files</Filter>
    </ClInclude>
    <ClInclude Include="Lib\AWS\include\aws\crt\StlAllocator.h">
      <Filter>Header Files</Filter>
    </ClInclude>
    <ClInclude Include="Lib\AWS\include\aws\crt\StringUtils.h">
      <Filter>Header Files</Filter>
    </ClInclude>
    <ClInclude Include="Lib\AWS\include\aws\crt\StringView.h">
      <Filter>Header Files</Filter>
    </ClInclude>
    <ClInclude Include="Lib\AWS\include\aws\crt\Types.h">
      <Filter>Header Files</Filter>
    </ClInclude>
    <ClInclude Include="Lib\AWS\include\aws\crt\UUID.h">
      <Filter>Header Files</Filter>
    </ClInclude>
    <ClInclude Include="Lib\AWS\include\aws\event-stream\event_stream.h">
      <Filter>Header Files</Filter>
    </ClInclude>
    <ClInclude Include="Lib\AWS\include\aws\event-stream\event_stream_channel_handler.h">
      <Filter>Header Files</Filter>
    </ClInclude>
    <ClInclude Include="Lib\AWS\include\aws\event-stream\event_stream_exports.h">
      <Filter>Header Files</Filter>
    </ClInclude>
    <ClInclude Include="Lib\AWS\include\aws\event-stream\event_stream_rpc.h">
      <Filter>Header Files</Filter>
    </ClInclude>
    <ClInclude Include="Lib\AWS\include\aws\event-stream\event_stream_rpc_client.h">
      <Filter>Header Files</Filter>
    </ClInclude>
    <ClInclude Include="Lib\AWS\include\aws\event-stream\event_stream_rpc_server.h">
      <Filter>Header Files</Filter>
    </ClInclude>
    <ClInclude Include="Lib\AWS\include\aws\http\connection.h">
      <Filter>Header Files</Filter>
    </ClInclude>
    <ClInclude Include="Lib\AWS\include\aws\http\connection_manager.h">
      <Filter>Header Files</Filter>
    </ClInclude>
    <ClInclude Include="Lib\AWS\include\aws\http\exports.h">
      <Filter>Header Files</Filter>
    </ClInclude>
    <ClInclude Include="Lib\AWS\include\aws\http\http.h">
      <Filter>Header Files</Filter>
    </ClInclude>
    <ClInclude Include="Lib\AWS\include\aws\http\proxy.h">
      <Filter>Header Files</Filter>
    </ClInclude>
    <ClInclude Include="Lib\AWS\include\aws\http\request_response.h">
      <Filter>Header Files</Filter>
    </ClInclude>
    <ClInclude Include="Lib\AWS\include\aws\http\server.h">
      <Filter>Header Files</Filter>
    </ClInclude>
    <ClInclude Include="Lib\AWS\include\aws\http\statistics.h">
      <Filter>Header Files</Filter>
    </ClInclude>
    <ClInclude Include="Lib\AWS\include\aws\http\status_code.h">
      <Filter>Header Files</Filter>
    </ClInclude>
    <ClInclude Include="Lib\AWS\include\aws\http\websocket.h">
      <Filter>Header Files</Filter>
    </ClInclude>
    <ClInclude Include="Lib\AWS\include\aws\io\channel.h">
      <Filter>Header Files</Filter>
    </ClInclude>
    <ClInclude Include="Lib\AWS\include\aws\io\channel_bootstrap.h">
      <Filter>Header Files</Filter>
    </ClInclude>
    <ClInclude Include="Lib\AWS\include\aws\io\event_loop.h">
      <Filter>Header Files</Filter>
    </ClInclude>
    <ClInclude Include="Lib\AWS\include\aws\io\exports.h">
      <Filter>Header Files</Filter>
    </ClInclude>
    <ClInclude Include="Lib\AWS\include\aws\io\file_utils.h">
      <Filter>Header Files</Filter>
    </ClInclude>
    <ClInclude Include="Lib\AWS\include\aws\io\host_resolver.h">
      <Filter>Header Files</Filter>
    </ClInclude>
    <ClInclude Include="Lib\AWS\include\aws\io\io.h">
      <Filter>Header Files</Filter>
    </ClInclude>
    <ClInclude Include="Lib\AWS\include\aws\io\logging.h">
      <Filter>Header Files</Filter>
    </ClInclude>
    <ClInclude Include="Lib\AWS\include\aws\io\message_pool.h">
      <Filter>Header Files</Filter>
    </ClInclude>
    <ClInclude Include="Lib\AWS\include\aws\io\pipe.h">
      <Filter>Header Files</Filter>
    </ClInclude>
    <ClInclude Include="Lib\AWS\include\aws\io\retry_strategy.h">
      <Filter>Header Files</Filter>
    </ClInclude>
    <ClInclude Include="Lib\AWS\include\aws\io\shared_library.h">
      <Filter>Header Files</Filter>
    </ClInclude>
    <ClInclude Include="Lib\AWS\include\aws\io\socket.h">
      <Filter>Header Files</Filter>
    </ClInclude>
    <ClInclude Include="Lib\AWS\include\aws\io\socket_channel_handler.h">
      <Filter>Header Files</Filter>
    </ClInclude>
    <ClInclude Include="Lib\AWS\include\aws\io\statistics.h">
      <Filter>Header Files</Filter>
    </ClInclude>
    <ClInclude Include="Lib\AWS\include\aws\io\stream.h">
      <Filter>Header Files</Filter>
    </ClInclude>
    <ClInclude Include="Lib\AWS\include\aws\io\tls_channel_handler.h">
      <Filter>Header Files</Filter>
    </ClInclude>
    <ClInclude Include="Lib\AWS\include\aws\io\uri.h">
      <Filter>Header Files</Filter>
    </ClInclude>
    <ClInclude Include="Lib\AWS\include\aws\mqtt\client.h">
      <Filter>Header Files</Filter>
    </ClInclude>
    <ClInclude Include="Lib\AWS\include\aws\mqtt\exports.h">
      <Filter>Header Files</Filter>
    </ClInclude>
    <ClInclude Include="Lib\AWS\include\aws\mqtt\mqtt.h">
      <Filter>Header Files</Filter>
    </ClInclude>
    <ClInclude Include="Lib\AWS\include\aws\mqtt\private\mqtt_client_test_helper.h">
      <Filter>Header Files</Filter>
    </ClInclude>
    <ClInclude Include="Lib\AWS\include\aws\s3\exports.h">
      <Filter>Header Files</Filter>
    </ClInclude>
    <ClInclude Include="Lib\AWS\include\aws\s3\model\AbortIncompleteMultipartUpload.h">
      <Filter>Header Files</Filter>
    </ClInclude>
    <ClInclude Include="Lib\AWS\include\aws\s3\model\AbortMultipartUploadRequest.h">
      <Filter>Header Files</Filter>
    </ClInclude>
    <ClInclude Include="Lib\AWS\include\aws\s3\model\AbortMultipartUploadResult.h">
      <Filter>Header Files</Filter>
    </ClInclude>
    <ClInclude Include="Lib\AWS\include\aws\s3\model\AccelerateConfiguration.h">
      <Filter>Header Files</Filter>
    </ClInclude>
    <ClInclude Include="Lib\AWS\include\aws\s3\model\AccessControlPolicy.h">
      <Filter>Header Files</Filter>
    </ClInclude>
    <ClInclude Include="Lib\AWS\include\aws\s3\model\AccessControlTranslation.h">
      <Filter>Header Files</Filter>
    </ClInclude>
    <ClInclude Include="Lib\AWS\include\aws\s3\model\AnalyticsAndOperator.h">
      <Filter>Header Files</Filter>
    </ClInclude>
    <ClInclude Include="Lib\AWS\include\aws\s3\model\AnalyticsConfiguration.h">
      <Filter>Header Files</Filter>
    </ClInclude>
    <ClInclude Include="Lib\AWS\include\aws\s3\model\AnalyticsExportDestination.h">
      <Filter>Header Files</Filter>
    </ClInclude>
    <ClInclude Include="Lib\AWS\include\aws\s3\model\AnalyticsFilter.h">
      <Filter>Header Files</Filter>
    </ClInclude>
    <ClInclude Include="Lib\AWS\include\aws\s3\model\AnalyticsS3BucketDestination.h">
      <Filter>Header Files</Filter>
    </ClInclude>
    <ClInclude Include="Lib\AWS\include\aws\s3\model\AnalyticsS3ExportFileFormat.h">
      <Filter>Header Files</Filter>
    </ClInclude>
    <ClInclude Include="Lib\AWS\include\aws\s3\model\ArchiveStatus.h">
      <Filter>Header Files</Filter>
    </ClInclude>
    <ClInclude Include="Lib\AWS\include\aws\s3\model\Bucket.h">
      <Filter>Header Files</Filter>
    </ClInclude>
    <ClInclude Include="Lib\AWS\include\aws\s3\model\BucketAccelerateStatus.h">
      <Filter>Header Files</Filter>
    </ClInclude>
    <ClInclude Include="Lib\AWS\include\aws\s3\model\BucketCannedACL.h">
      <Filter>Header Files</Filter>
    </ClInclude>
    <ClInclude Include="Lib\AWS\include\aws\s3\model\BucketLifecycleConfiguration.h">
      <Filter>Header Files</Filter>
    </ClInclude>
    <ClInclude Include="Lib\AWS\include\aws\s3\model\BucketLocationConstraint.h">
      <Filter>Header Files</Filter>
    </ClInclude>
    <ClInclude Include="Lib\AWS\include\aws\s3\model\BucketLoggingStatus.h">
      <Filter>Header Files</Filter>
    </ClInclude>
    <ClInclude Include="Lib\AWS\include\aws\s3\model\BucketLogsPermission.h">
      <Filter>Header Files</Filter>
    </ClInclude>
    <ClInclude Include="Lib\AWS\include\aws\s3\model\BucketVersioningStatus.h">
      <Filter>Header Files</Filter>
    </ClInclude>
    <ClInclude Include="Lib\AWS\include\aws\s3\model\CloudFunctionConfiguration.h">
      <Filter>Header Files</Filter>
    </ClInclude>
    <ClInclude Include="Lib\AWS\include\aws\s3\model\CommonPrefix.h">
      <Filter>Header Files</Filter>
    </ClInclude>
    <ClInclude Include="Lib\AWS\include\aws\s3\model\CompletedMultipartUpload.h">
      <Filter>Header Files</Filter>
    </ClInclude>
    <ClInclude Include="Lib\AWS\include\aws\s3\model\CompletedPart.h">
      <Filter>Header Files</Filter>
    </ClInclude>
    <ClInclude Include="Lib\AWS\include\aws\s3\model\CompleteMultipartUploadRequest.h">
      <Filter>Header Files</Filter>
    </ClInclude>
    <ClInclude Include="Lib\AWS\include\aws\s3\model\CompleteMultipartUploadResult.h">
      <Filter>Header Files</Filter>
    </ClInclude>
    <ClInclude Include="Lib\AWS\include\aws\s3\model\CompressionType.h">
      <Filter>Header Files</Filter>
    </ClInclude>
    <ClInclude Include="Lib\AWS\include\aws\s3\model\Condition.h">
      <Filter>Header Files</Filter>
    </ClInclude>
    <ClInclude Include="Lib\AWS\include\aws\s3\model\CopyObjectRequest.h">
      <Filter>Header Files</Filter>
    </ClInclude>
    <ClInclude Include="Lib\AWS\include\aws\s3\model\CopyObjectResult.h">
      <Filter>Header Files</Filter>
    </ClInclude>
    <ClInclude Include="Lib\AWS\include\aws\s3\model\CopyObjectResultDetails.h">
      <Filter>Header Files</Filter>
    </ClInclude>
    <ClInclude Include="Lib\AWS\include\aws\s3\model\CopyPartResult.h">
      <Filter>Header Files</Filter>
    </ClInclude>
    <ClInclude Include="Lib\AWS\include\aws\s3\model\CORSConfiguration.h">
      <Filter>Header Files</Filter>
    </ClInclude>
    <ClInclude Include="Lib\AWS\include\aws\s3\model\CORSRule.h">
      <Filter>Header Files</Filter>
    </ClInclude>
    <ClInclude Include="Lib\AWS\include\aws\s3\model\CreateBucketConfiguration.h">
      <Filter>Header Files</Filter>
    </ClInclude>
    <ClInclude Include="Lib\AWS\include\aws\s3\model\CreateBucketRequest.h">
      <Filter>Header Files</Filter>
    </ClInclude>
    <ClInclude Include="Lib\AWS\include\aws\s3\model\CreateBucketResult.h">
      <Filter>Header Files</Filter>
    </ClInclude>
    <ClInclude Include="Lib\AWS\include\aws\s3\model\CreateMultipartUploadRequest.h">
      <Filter>Header Files</Filter>
    </ClInclude>
    <ClInclude Include="Lib\AWS\include\aws\s3\model\CreateMultipartUploadResult.h">
      <Filter>Header Files</Filter>
    </ClInclude>
    <ClInclude Include="Lib\AWS\include\aws\s3\model\CSVInput.h">
      <Filter>Header Files</Filter>
    </ClInclude>
    <ClInclude Include="Lib\AWS\include\aws\s3\model\CSVOutput.h">
      <Filter>Header Files</Filter>
    </ClInclude>
    <ClInclude Include="Lib\AWS\include\aws\s3\model\DefaultRetention.h">
      <Filter>Header Files</Filter>
    </ClInclude>
    <ClInclude Include="Lib\AWS\include\aws\s3\model\Delete.h">
      <Filter>Header Files</Filter>
    </ClInclude>
    <ClInclude Include="Lib\AWS\include\aws\s3\model\DeleteBucketAnalyticsConfigurationRequest.h">
      <Filter>Header Files</Filter>
    </ClInclude>
    <ClInclude Include="Lib\AWS\include\aws\s3\model\DeleteBucketCorsRequest.h">
      <Filter>Header Files</Filter>
    </ClInclude>
    <ClInclude Include="Lib\AWS\include\aws\s3\model\DeleteBucketEncryptionRequest.h">
      <Filter>Header Files</Filter>
    </ClInclude>
    <ClInclude Include="Lib\AWS\include\aws\s3\model\DeleteBucketIntelligentTieringConfigurationRequest.h">
      <Filter>Header Files</Filter>
    </ClInclude>
    <ClInclude Include="Lib\AWS\include\aws\s3\model\DeleteBucketInventoryConfigurationRequest.h">
      <Filter>Header Files</Filter>
    </ClInclude>
    <ClInclude Include="Lib\AWS\include\aws\s3\model\DeleteBucketLifecycleRequest.h">
      <Filter>Header Files</Filter>
    </ClInclude>
    <ClInclude Include="Lib\AWS\include\aws\s3\model\DeleteBucketMetricsConfigurationRequest.h">
      <Filter>Header Files</Filter>
    </ClInclude>
    <ClInclude Include="Lib\AWS\include\aws\s3\model\DeleteBucketOwnershipControlsRequest.h">
      <Filter>Header Files</Filter>
    </ClInclude>
    <ClInclude Include="Lib\AWS\include\aws\s3\model\DeleteBucketPolicyRequest.h">
      <Filter>Header Files</Filter>
    </ClInclude>
    <ClInclude Include="Lib\AWS\include\aws\s3\model\DeleteBucketReplicationRequest.h">
      <Filter>Header Files</Filter>
    </ClInclude>
    <ClInclude Include="Lib\AWS\include\aws\s3\model\DeleteBucketRequest.h">
      <Filter>Header Files</Filter>
    </ClInclude>
    <ClInclude Include="Lib\AWS\include\aws\s3\model\DeleteBucketTaggingRequest.h">
      <Filter>Header Files</Filter>
    </ClInclude>
    <ClInclude Include="Lib\AWS\include\aws\s3\model\DeleteBucketWebsiteRequest.h">
      <Filter>Header Files</Filter>
    </ClInclude>
    <ClInclude Include="Lib\AWS\include\aws\s3\model\DeletedObject.h">
      <Filter>Header Files</Filter>
    </ClInclude>
    <ClInclude Include="Lib\AWS\include\aws\s3\model\DeleteMarkerEntry.h">
      <Filter>Header Files</Filter>
    </ClInclude>
    <ClInclude Include="Lib\AWS\include\aws\s3\model\DeleteMarkerReplication.h">
      <Filter>Header Files</Filter>
    </ClInclude>
    <ClInclude Include="Lib\AWS\include\aws\s3\model\DeleteMarkerReplicationStatus.h">
      <Filter>Header Files</Filter>
    </ClInclude>
    <ClInclude Include="Lib\AWS\include\aws\s3\model\DeleteObjectRequest.h">
      <Filter>Header Files</Filter>
    </ClInclude>
    <ClInclude Include="Lib\AWS\include\aws\s3\model\DeleteObjectResult.h">
      <Filter>Header Files</Filter>
    </ClInclude>
    <ClInclude Include="Lib\AWS\include\aws\s3\model\DeleteObjectsRequest.h">
      <Filter>Header Files</Filter>
    </ClInclude>
    <ClInclude Include="Lib\AWS\include\aws\s3\model\DeleteObjectsResult.h">
      <Filter>Header Files</Filter>
    </ClInclude>
    <ClInclude Include="Lib\AWS\include\aws\s3\model\DeleteObjectTaggingRequest.h">
      <Filter>Header Files</Filter>
    </ClInclude>
    <ClInclude Include="Lib\AWS\include\aws\s3\model\DeleteObjectTaggingResult.h">
      <Filter>Header Files</Filter>
    </ClInclude>
    <ClInclude Include="Lib\AWS\include\aws\s3\model\DeletePublicAccessBlockRequest.h">
      <Filter>Header Files</Filter>
    </ClInclude>
    <ClInclude Include="Lib\AWS\include\aws\s3\model\Destination.h">
      <Filter>Header Files</Filter>
    </ClInclude>
    <ClInclude Include="Lib\AWS\include\aws\s3\model\EncodingType.h">
      <Filter>Header Files</Filter>
    </ClInclude>
    <ClInclude Include="Lib\AWS\include\aws\s3\model\Encryption.h">
      <Filter>Header Files</Filter>
    </ClInclude>
    <ClInclude Include="Lib\AWS\include\aws\s3\model\EncryptionConfiguration.h">
      <Filter>Header Files</Filter>
    </ClInclude>
    <ClInclude Include="Lib\AWS\include\aws\s3\model\Error.h">
      <Filter>Header Files</Filter>
    </ClInclude>
    <ClInclude Include="Lib\AWS\include\aws\s3\model\ErrorDocument.h">
      <Filter>Header Files</Filter>
    </ClInclude>
    <ClInclude Include="Lib\AWS\include\aws\s3\model\Event.h">
      <Filter>Header Files</Filter>
    </ClInclude>
    <ClInclude Include="Lib\AWS\include\aws\s3\model\EventBridgeConfiguration.h">
      <Filter>Header Files</Filter>
    </ClInclude>
    <ClInclude Include="Lib\AWS\include\aws\s3\model\ExistingObjectReplication.h">
      <Filter>Header Files</Filter>
    </ClInclude>
    <ClInclude Include="Lib\AWS\include\aws\s3\model\ExistingObjectReplicationStatus.h">
      <Filter>Header Files</Filter>
    </ClInclude>
    <ClInclude Include="Lib\AWS\include\aws\s3\model\ExpirationStatus.h">
      <Filter>Header Files</Filter>
    </ClInclude>
    <ClInclude Include="Lib\AWS\include\aws\s3\model\ExpressionType.h">
      <Filter>Header Files</Filter>
    </ClInclude>
    <ClInclude Include="Lib\AWS\include\aws\s3\model\FileHeaderInfo.h">
      <Filter>Header Files</Filter>
    </ClInclude>
    <ClInclude Include="Lib\AWS\include\aws\s3\model\FilterRule.h">
      <Filter>Header Files</Filter>
    </ClInclude>
    <ClInclude Include="Lib\AWS\include\aws\s3\model\FilterRuleName.h">
      <Filter>Header Files</Filter>
    </ClInclude>
    <ClInclude Include="Lib\AWS\include\aws\s3\model\GetBucketAccelerateConfigurationRequest.h">
      <Filter>Header Files</Filter>
    </ClInclude>
    <ClInclude Include="Lib\AWS\include\aws\s3\model\GetBucketAccelerateConfigurationResult.h">
      <Filter>Header Files</Filter>
    </ClInclude>
    <ClInclude Include="Lib\AWS\include\aws\s3\model\GetBucketAclRequest.h">
      <Filter>Header Files</Filter>
    </ClInclude>
    <ClInclude Include="Lib\AWS\include\aws\s3\model\GetBucketAclResult.h">
      <Filter>Header Files</Filter>
    </ClInclude>
    <ClInclude Include="Lib\AWS\include\aws\s3\model\GetBucketAnalyticsConfigurationRequest.h">
      <Filter>Header Files</Filter>
    </ClInclude>
    <ClInclude Include="Lib\AWS\include\aws\s3\model\GetBucketAnalyticsConfigurationResult.h">
      <Filter>Header Files</Filter>
    </ClInclude>
    <ClInclude Include="Lib\AWS\include\aws\s3\model\GetBucketCorsRequest.h">
      <Filter>Header Files</Filter>
    </ClInclude>
    <ClInclude Include="Lib\AWS\include\aws\s3\model\GetBucketCorsResult.h">
      <Filter>Header Files</Filter>
    </ClInclude>
    <ClInclude Include="Lib\AWS\include\aws\s3\model\GetBucketEncryptionRequest.h">
      <Filter>Header Files</Filter>
    </ClInclude>
    <ClInclude Include="Lib\AWS\include\aws\s3\model\GetBucketEncryptionResult.h">
      <Filter>Header Files</Filter>
    </ClInclude>
    <ClInclude Include="Lib\AWS\include\aws\s3\model\GetBucketIntelligentTieringConfigurationRequest.h">
      <Filter>Header Files</Filter>
    </ClInclude>
    <ClInclude Include="Lib\AWS\include\aws\s3\model\GetBucketIntelligentTieringConfigurationResult.h">
      <Filter>Header Files</Filter>
    </ClInclude>
    <ClInclude Include="Lib\AWS\include\aws\s3\model\GetBucketInventoryConfigurationRequest.h">
      <Filter>Header Files</Filter>
    </ClInclude>
    <ClInclude Include="Lib\AWS\include\aws\s3\model\GetBucketInventoryConfigurationResult.h">
      <Filter>Header Files</Filter>
    </ClInclude>
    <ClInclude Include="Lib\AWS\include\aws\s3\model\GetBucketLifecycleConfigurationRequest.h">
      <Filter>Header Files</Filter>
    </ClInclude>
    <ClInclude Include="Lib\AWS\include\aws\s3\model\GetBucketLifecycleConfigurationResult.h">
      <Filter>Header Files</Filter>
    </ClInclude>
    <ClInclude Include="Lib\AWS\include\aws\s3\model\GetBucketLocationRequest.h">
      <Filter>Header Files</Filter>
    </ClInclude>
    <ClInclude Include="Lib\AWS\include\aws\s3\model\GetBucketLocationResult.h">
      <Filter>Header Files</Filter>
    </ClInclude>
    <ClInclude Include="Lib\AWS\include\aws\s3\model\GetBucketLoggingRequest.h">
      <Filter>Header Files</Filter>
    </ClInclude>
    <ClInclude Include="Lib\AWS\include\aws\s3\model\GetBucketLoggingResult.h">
      <Filter>Header Files</Filter>
    </ClInclude>
    <ClInclude Include="Lib\AWS\include\aws\s3\model\GetBucketMetricsConfigurationRequest.h">
      <Filter>Header Files</Filter>
    </ClInclude>
    <ClInclude Include="Lib\AWS\include\aws\s3\model\GetBucketMetricsConfigurationResult.h">
      <Filter>Header Files</Filter>
    </ClInclude>
    <ClInclude Include="Lib\AWS\include\aws\s3\model\GetBucketNotificationConfigurationRequest.h">
      <Filter>Header Files</Filter>
    </ClInclude>
    <ClInclude Include="Lib\AWS\include\aws\s3\model\GetBucketNotificationConfigurationResult.h">
      <Filter>Header Files</Filter>
    </ClInclude>
    <ClInclude Include="Lib\AWS\include\aws\s3\model\GetBucketOwnershipControlsRequest.h">
      <Filter>Header Files</Filter>
    </ClInclude>
    <ClInclude Include="Lib\AWS\include\aws\s3\model\GetBucketOwnershipControlsResult.h">
      <Filter>Header Files</Filter>
    </ClInclude>
    <ClInclude Include="Lib\AWS\include\aws\s3\model\GetBucketPolicyRequest.h">
      <Filter>Header Files</Filter>
    </ClInclude>
    <ClInclude Include="Lib\AWS\include\aws\s3\model\GetBucketPolicyResult.h">
      <Filter>Header Files</Filter>
    </ClInclude>
    <ClInclude Include="Lib\AWS\include\aws\s3\model\GetBucketPolicyStatusRequest.h">
      <Filter>Header Files</Filter>
    </ClInclude>
    <ClInclude Include="Lib\AWS\include\aws\s3\model\GetBucketPolicyStatusResult.h">
      <Filter>Header Files</Filter>
    </ClInclude>
    <ClInclude Include="Lib\AWS\include\aws\s3\model\GetBucketReplicationRequest.h">
      <Filter>Header Files</Filter>
    </ClInclude>
    <ClInclude Include="Lib\AWS\include\aws\s3\model\GetBucketReplicationResult.h">
      <Filter>Header Files</Filter>
    </ClInclude>
    <ClInclude Include="Lib\AWS\include\aws\s3\model\GetBucketRequestPaymentRequest.h">
      <Filter>Header Files</Filter>
    </ClInclude>
    <ClInclude Include="Lib\AWS\include\aws\s3\model\GetBucketRequestPaymentResult.h">
      <Filter>Header Files</Filter>
    </ClInclude>
    <ClInclude Include="Lib\AWS\include\aws\s3\model\GetBucketTaggingRequest.h">
      <Filter>Header Files</Filter>
    </ClInclude>
    <ClInclude Include="Lib\AWS\include\aws\s3\model\GetBucketTaggingResult.h">
      <Filter>Header Files</Filter>
    </ClInclude>
    <ClInclude Include="Lib\AWS\include\aws\s3\model\GetBucketVersioningRequest.h">
      <Filter>Header Files</Filter>
    </ClInclude>
    <ClInclude Include="Lib\AWS\include\aws\s3\model\GetBucketVersioningResult.h">
      <Filter>Header Files</Filter>
    </ClInclude>
    <ClInclude Include="Lib\AWS\include\aws\s3\model\GetBucketWebsiteRequest.h">
      <Filter>Header Files</Filter>
    </ClInclude>
    <ClInclude Include="Lib\AWS\include\aws\s3\model\GetBucketWebsiteResult.h">
      <Filter>Header Files</Filter>
    </ClInclude>
    <ClInclude Include="Lib\AWS\include\aws\s3\model\GetObjectAclRequest.h">
      <Filter>Header Files</Filter>
    </ClInclude>
    <ClInclude Include="Lib\AWS\include\aws\s3\model\GetObjectAclResult.h">
      <Filter>Header Files</Filter>
    </ClInclude>
    <ClInclude Include="Lib\AWS\include\aws\s3\model\GetObjectLegalHoldRequest.h">
      <Filter>Header Files</Filter>
    </ClInclude>
    <ClInclude Include="Lib\AWS\include\aws\s3\model\GetObjectLegalHoldResult.h">
      <Filter>Header Files</Filter>
    </ClInclude>
    <ClInclude Include="Lib\AWS\include\aws\s3\model\GetObjectLockConfigurationRequest.h">
      <Filter>Header Files</Filter>
    </ClInclude>
    <ClInclude Include="Lib\AWS\include\aws\s3\model\GetObjectLockConfigurationResult.h">
      <Filter>Header Files</Filter>
    </ClInclude>
    <ClInclude Include="Lib\AWS\include\aws\s3\model\GetObjectRequest.h">
      <Filter>Header Files</Filter>
    </ClInclude>
    <ClInclude Include="Lib\AWS\include\aws\s3\model\GetObjectResult.h">
      <Filter>Header Files</Filter>
    </ClInclude>
    <ClInclude Include="Lib\AWS\include\aws\s3\model\GetObjectRetentionRequest.h">
      <Filter>Header Files</Filter>
    </ClInclude>
    <ClInclude Include="Lib\AWS\include\aws\s3\model\GetObjectRetentionResult.h">
      <Filter>Header Files</Filter>
    </ClInclude>
    <ClInclude Include="Lib\AWS\include\aws\s3\model\GetObjectTaggingRequest.h">
      <Filter>Header Files</Filter>
    </ClInclude>
    <ClInclude Include="Lib\AWS\include\aws\s3\model\GetObjectTaggingResult.h">
      <Filter>Header Files</Filter>
    </ClInclude>
    <ClInclude Include="Lib\AWS\include\aws\s3\model\GetObjectTorrentRequest.h">
      <Filter>Header Files</Filter>
    </ClInclude>
    <ClInclude Include="Lib\AWS\include\aws\s3\model\GetObjectTorrentResult.h">
      <Filter>Header Files</Filter>
    </ClInclude>
    <ClInclude Include="Lib\AWS\include\aws\s3\model\GetPublicAccessBlockRequest.h">
      <Filter>Header Files</Filter>
    </ClInclude>
    <ClInclude Include="Lib\AWS\include\aws\s3\model\GetPublicAccessBlockResult.h">
      <Filter>Header Files</Filter>
    </ClInclude>
    <ClInclude Include="Lib\AWS\include\aws\s3\model\GlacierJobParameters.h">
      <Filter>Header Files</Filter>
    </ClInclude>
    <ClInclude Include="Lib\AWS\include\aws\s3\model\Grant.h">
      <Filter>Header Files</Filter>
    </ClInclude>
    <ClInclude Include="Lib\AWS\include\aws\s3\model\Grantee.h">
      <Filter>Header Files</Filter>
    </ClInclude>
    <ClInclude Include="Lib\AWS\include\aws\s3\model\HeadBucketRequest.h">
      <Filter>Header Files</Filter>
    </ClInclude>
    <ClInclude Include="Lib\AWS\include\aws\s3\model\HeadObjectRequest.h">
      <Filter>Header Files</Filter>
    </ClInclude>
    <ClInclude Include="Lib\AWS\include\aws\s3\model\HeadObjectResult.h">
      <Filter>Header Files</Filter>
    </ClInclude>
    <ClInclude Include="Lib\AWS\include\aws\s3\model\IndexDocument.h">
      <Filter>Header Files</Filter>
    </ClInclude>
    <ClInclude Include="Lib\AWS\include\aws\s3\model\Initiator.h">
      <Filter>Header Files</Filter>
    </ClInclude>
    <ClInclude Include="Lib\AWS\include\aws\s3\model\InputSerialization.h">
      <Filter>Header Files</Filter>
    </ClInclude>
    <ClInclude Include="Lib\AWS\include\aws\s3\model\IntelligentTieringAccessTier.h">
      <Filter>Header Files</Filter>
    </ClInclude>
    <ClInclude Include="Lib\AWS\include\aws\s3\model\IntelligentTieringAndOperator.h">
      <Filter>Header Files</Filter>
    </ClInclude>
    <ClInclude Include="Lib\AWS\include\aws\s3\model\IntelligentTieringConfiguration.h">
      <Filter>Header Files</Filter>
    </ClInclude>
    <ClInclude Include="Lib\AWS\include\aws\s3\model\IntelligentTieringFilter.h">
      <Filter>Header Files</Filter>
    </ClInclude>
    <ClInclude Include="Lib\AWS\include\aws\s3\model\IntelligentTieringStatus.h">
      <Filter>Header Files</Filter>
    </ClInclude>
    <ClInclude Include="Lib\AWS\include\aws\s3\model\InvalidObjectState.h">
      <Filter>Header Files</Filter>
    </ClInclude>
    <ClInclude Include="Lib\AWS\include\aws\s3\model\InventoryConfiguration.h">
      <Filter>Header Files</Filter>
    </ClInclude>
    <ClInclude Include="Lib\AWS\include\aws\s3\model\InventoryDestination.h">
      <Filter>Header Files</Filter>
    </ClInclude>
    <ClInclude Include="Lib\AWS\include\aws\s3\model\InventoryEncryption.h">
      <Filter>Header Files</Filter>
    </ClInclude>
    <ClInclude Include="Lib\AWS\include\aws\s3\model\InventoryFilter.h">
      <Filter>Header Files</Filter>
    </ClInclude>
    <ClInclude Include="Lib\AWS\include\aws\s3\model\InventoryFormat.h">
      <Filter>Header Files</Filter>
    </ClInclude>
    <ClInclude Include="Lib\AWS\include\aws\s3\model\InventoryFrequency.h">
      <Filter>Header Files</Filter>
    </ClInclude>
    <ClInclude Include="Lib\AWS\include\aws\s3\model\InventoryIncludedObjectVersions.h">
      <Filter>Header Files</Filter>
    </ClInclude>
    <ClInclude Include="Lib\AWS\include\aws\s3\model\InventoryOptionalField.h">
      <Filter>Header Files</Filter>
    </ClInclude>
    <ClInclude Include="Lib\AWS\include\aws\s3\model\InventoryS3BucketDestination.h">
      <Filter>Header Files</Filter>
    </ClInclude>
    <ClInclude Include="Lib\AWS\include\aws\s3\model\InventorySchedule.h">
      <Filter>Header Files</Filter>
    </ClInclude>
    <ClInclude Include="Lib\AWS\include\aws\s3\model\JSONInput.h">
      <Filter>Header Files</Filter>
    </ClInclude>
    <ClInclude Include="Lib\AWS\include\aws\s3\model\JSONOutput.h">
      <Filter>Header Files</Filter>
    </ClInclude>
    <ClInclude Include="Lib\AWS\include\aws\s3\model\JSONType.h">
      <Filter>Header Files</Filter>
    </ClInclude>
    <ClInclude Include="Lib\AWS\include\aws\s3\model\LambdaFunctionConfiguration.h">
      <Filter>Header Files</Filter>
    </ClInclude>
    <ClInclude Include="Lib\AWS\include\aws\s3\model\LifecycleConfiguration.h">
      <Filter>Header Files</Filter>
    </ClInclude>
    <ClInclude Include="Lib\AWS\include\aws\s3\model\LifecycleExpiration.h">
      <Filter>Header Files</Filter>
    </ClInclude>
    <ClInclude Include="Lib\AWS\include\aws\s3\model\LifecycleRule.h">
      <Filter>Header Files</Filter>
    </ClInclude>
    <ClInclude Include="Lib\AWS\include\aws\s3\model\LifecycleRuleAndOperator.h">
      <Filter>Header Files</Filter>
    </ClInclude>
    <ClInclude Include="Lib\AWS\include\aws\s3\model\LifecycleRuleFilter.h">
      <Filter>Header Files</Filter>
    </ClInclude>
    <ClInclude Include="Lib\AWS\include\aws\s3\model\ListBucketAnalyticsConfigurationsRequest.h">
      <Filter>Header Files</Filter>
    </ClInclude>
    <ClInclude Include="Lib\AWS\include\aws\s3\model\ListBucketAnalyticsConfigurationsResult.h">
      <Filter>Header Files</Filter>
    </ClInclude>
    <ClInclude Include="Lib\AWS\include\aws\s3\model\ListBucketIntelligentTieringConfigurationsRequest.h">
      <Filter>Header Files</Filter>
    </ClInclude>
    <ClInclude Include="Lib\AWS\include\aws\s3\model\ListBucketIntelligentTieringConfigurationsResult.h">
      <Filter>Header Files</Filter>
    </ClInclude>
    <ClInclude Include="Lib\AWS\include\aws\s3\model\ListBucketInventoryConfigurationsRequest.h">
      <Filter>Header Files</Filter>
    </ClInclude>
    <ClInclude Include="Lib\AWS\include\aws\s3\model\ListBucketInventoryConfigurationsResult.h">
      <Filter>Header Files</Filter>
    </ClInclude>
    <ClInclude Include="Lib\AWS\include\aws\s3\model\ListBucketMetricsConfigurationsRequest.h">
      <Filter>Header Files</Filter>
    </ClInclude>
    <ClInclude Include="Lib\AWS\include\aws\s3\model\ListBucketMetricsConfigurationsResult.h">
      <Filter>Header Files</Filter>
    </ClInclude>
    <ClInclude Include="Lib\AWS\include\aws\s3\model\ListBucketsResult.h">
      <Filter>Header Files</Filter>
    </ClInclude>
    <ClInclude Include="Lib\AWS\include\aws\s3\model\ListMultipartUploadsRequest.h">
      <Filter>Header Files</Filter>
    </ClInclude>
    <ClInclude Include="Lib\AWS\include\aws\s3\model\ListMultipartUploadsResult.h">
      <Filter>Header Files</Filter>
    </ClInclude>
    <ClInclude Include="Lib\AWS\include\aws\s3\model\ListObjectsRequest.h">
      <Filter>Header Files</Filter>
    </ClInclude>
    <ClInclude Include="Lib\AWS\include\aws\s3\model\ListObjectsResult.h">
      <Filter>Header Files</Filter>
    </ClInclude>
    <ClInclude Include="Lib\AWS\include\aws\s3\model\ListObjectsV2Request.h">
      <Filter>Header Files</Filter>
    </ClInclude>
    <ClInclude Include="Lib\AWS\include\aws\s3\model\ListObjectsV2Result.h">
      <Filter>Header Files</Filter>
    </ClInclude>
    <ClInclude Include="Lib\AWS\include\aws\s3\model\ListObjectVersionsRequest.h">
      <Filter>Header Files</Filter>
    </ClInclude>
    <ClInclude Include="Lib\AWS\include\aws\s3\model\ListObjectVersionsResult.h">
      <Filter>Header Files</Filter>
    </ClInclude>
    <ClInclude Include="Lib\AWS\include\aws\s3\model\ListPartsRequest.h">
      <Filter>Header Files</Filter>
    </ClInclude>
    <ClInclude Include="Lib\AWS\include\aws\s3\model\ListPartsResult.h">
      <Filter>Header Files</Filter>
    </ClInclude>
    <ClInclude Include="Lib\AWS\include\aws\s3\model\LoggingEnabled.h">
      <Filter>Header Files</Filter>
    </ClInclude>
    <ClInclude Include="Lib\AWS\include\aws\s3\model\MetadataDirective.h">
      <Filter>Header Files</Filter>
    </ClInclude>
    <ClInclude Include="Lib\AWS\include\aws\s3\model\MetadataEntry.h">
      <Filter>Header Files</Filter>
    </ClInclude>
    <ClInclude Include="Lib\AWS\include\aws\s3\model\Metrics.h">
      <Filter>Header Files</Filter>
    </ClInclude>
    <ClInclude Include="Lib\AWS\include\aws\s3\model\MetricsAndOperator.h">
      <Filter>Header Files</Filter>
    </ClInclude>
    <ClInclude Include="Lib\AWS\include\aws\s3\model\MetricsConfiguration.h">
      <Filter>Header Files</Filter>
    </ClInclude>
    <ClInclude Include="Lib\AWS\include\aws\s3\model\MetricsFilter.h">
      <Filter>Header Files</Filter>
    </ClInclude>
    <ClInclude Include="Lib\AWS\include\aws\s3\model\MetricsStatus.h">
      <Filter>Header Files</Filter>
    </ClInclude>
    <ClInclude Include="Lib\AWS\include\aws\s3\model\MFADelete.h">
      <Filter>Header Files</Filter>
    </ClInclude>
    <ClInclude Include="Lib\AWS\include\aws\s3\model\MFADeleteStatus.h">
      <Filter>Header Files</Filter>
    </ClInclude>
    <ClInclude Include="Lib\AWS\include\aws\s3\model\MultipartUpload.h">
      <Filter>Header Files</Filter>
    </ClInclude>
    <ClInclude Include="Lib\AWS\include\aws\s3\model\NoncurrentVersionExpiration.h">
      <Filter>Header Files</Filter>
    </ClInclude>
    <ClInclude Include="Lib\AWS\include\aws\s3\model\NoncurrentVersionTransition.h">
      <Filter>Header Files</Filter>
    </ClInclude>
    <ClInclude Include="Lib\AWS\include\aws\s3\model\NotificationConfiguration.h">
      <Filter>Header Files</Filter>
    </ClInclude>
    <ClInclude Include="Lib\AWS\include\aws\s3\model\NotificationConfigurationDeprecated.h">
      <Filter>Header Files</Filter>
    </ClInclude>
    <ClInclude Include="Lib\AWS\include\aws\s3\model\NotificationConfigurationFilter.h">
      <Filter>Header Files</Filter>
    </ClInclude>
    <ClInclude Include="Lib\AWS\include\aws\s3\model\Object.h">
      <Filter>Header Files</Filter>
    </ClInclude>
    <ClInclude Include="Lib\AWS\include\aws\s3\model\ObjectCannedACL.h">
      <Filter>Header Files</Filter>
    </ClInclude>
    <ClInclude Include="Lib\AWS\include\aws\s3\model\ObjectIdentifier.h">
      <Filter>Header Files</Filter>
    </ClInclude>
    <ClInclude Include="Lib\AWS\include\aws\s3\model\ObjectLockConfiguration.h">
      <Filter>Header Files</Filter>
    </ClInclude>
    <ClInclude Include="Lib\AWS\include\aws\s3\model\ObjectLockEnabled.h">
      <Filter>Header Files</Filter>
    </ClInclude>
    <ClInclude Include="Lib\AWS\include\aws\s3\model\ObjectLockLegalHold.h">
      <Filter>Header Files</Filter>
    </ClInclude>
    <ClInclude Include="Lib\AWS\include\aws\s3\model\ObjectLockLegalHoldStatus.h">
      <Filter>Header Files</Filter>
    </ClInclude>
    <ClInclude Include="Lib\AWS\include\aws\s3\model\ObjectLockMode.h">
      <Filter>Header Files</Filter>
    </ClInclude>
    <ClInclude Include="Lib\AWS\include\aws\s3\model\ObjectLockRetention.h">
      <Filter>Header Files</Filter>
    </ClInclude>
    <ClInclude Include="Lib\AWS\include\aws\s3\model\ObjectLockRetentionMode.h">
      <Filter>Header Files</Filter>
    </ClInclude>
    <ClInclude Include="Lib\AWS\include\aws\s3\model\ObjectLockRule.h">
      <Filter>Header Files</Filter>
    </ClInclude>
    <ClInclude Include="Lib\AWS\include\aws\s3\model\ObjectOwnership.h">
      <Filter>Header Files</Filter>
    </ClInclude>
    <ClInclude Include="Lib\AWS\include\aws\s3\model\ObjectStorageClass.h">
      <Filter>Header Files</Filter>
    </ClInclude>
    <ClInclude Include="Lib\AWS\include\aws\s3\model\ObjectVersion.h">
      <Filter>Header Files</Filter>
    </ClInclude>
    <ClInclude Include="Lib\AWS\include\aws\s3\model\ObjectVersionStorageClass.h">
      <Filter>Header Files</Filter>
    </ClInclude>
    <ClInclude Include="Lib\AWS\include\aws\s3\model\OutputLocation.h">
      <Filter>Header Files</Filter>
    </ClInclude>
    <ClInclude Include="Lib\AWS\include\aws\s3\model\OutputSerialization.h">
      <Filter>Header Files</Filter>
    </ClInclude>
    <ClInclude Include="Lib\AWS\include\aws\s3\model\Owner.h">
      <Filter>Header Files</Filter>
    </ClInclude>
    <ClInclude Include="Lib\AWS\include\aws\s3\model\OwnerOverride.h">
      <Filter>Header Files</Filter>
    </ClInclude>
    <ClInclude Include="Lib\AWS\include\aws\s3\model\OwnershipControls.h">
      <Filter>Header Files</Filter>
    </ClInclude>
    <ClInclude Include="Lib\AWS\include\aws\s3\model\OwnershipControlsRule.h">
      <Filter>Header Files</Filter>
    </ClInclude>
    <ClInclude Include="Lib\AWS\include\aws\s3\model\ParquetInput.h">
      <Filter>Header Files</Filter>
    </ClInclude>
    <ClInclude Include="Lib\AWS\include\aws\s3\model\Part.h">
      <Filter>Header Files</Filter>
    </ClInclude>
    <ClInclude Include="Lib\AWS\include\aws\s3\model\Payer.h">
      <Filter>Header Files</Filter>
    </ClInclude>
    <ClInclude Include="Lib\AWS\include\aws\s3\model\Permission.h">
      <Filter>Header Files</Filter>
    </ClInclude>
    <ClInclude Include="Lib\AWS\include\aws\s3\model\PolicyStatus.h">
      <Filter>Header Files</Filter>
    </ClInclude>
    <ClInclude Include="Lib\AWS\include\aws\s3\model\Progress.h">
      <Filter>Header Files</Filter>
    </ClInclude>
    <ClInclude Include="Lib\AWS\include\aws\s3\model\ProgressEvent.h">
      <Filter>Header Files</Filter>
    </ClInclude>
    <ClInclude Include="Lib\AWS\include\aws\s3\model\Protocol.h">
      <Filter>Header Files</Filter>
    </ClInclude>
    <ClInclude Include="Lib\AWS\include\aws\s3\model\PublicAccessBlockConfiguration.h">
      <Filter>Header Files</Filter>
    </ClInclude>
    <ClInclude Include="Lib\AWS\include\aws\s3\model\PutBucketAccelerateConfigurationRequest.h">
      <Filter>Header Files</Filter>
    </ClInclude>
    <ClInclude Include="Lib\AWS\include\aws\s3\model\PutBucketAclRequest.h">
      <Filter>Header Files</Filter>
    </ClInclude>
    <ClInclude Include="Lib\AWS\include\aws\s3\model\PutBucketAnalyticsConfigurationRequest.h">
      <Filter>Header Files</Filter>
    </ClInclude>
    <ClInclude Include="Lib\AWS\include\aws\s3\model\PutBucketCorsRequest.h">
      <Filter>Header Files</Filter>
    </ClInclude>
    <ClInclude Include="Lib\AWS\include\aws\s3\model\PutBucketEncryptionRequest.h">
      <Filter>Header Files</Filter>
    </ClInclude>
    <ClInclude Include="Lib\AWS\include\aws\s3\model\PutBucketIntelligentTieringConfigurationRequest.h">
      <Filter>Header Files</Filter>
    </ClInclude>
    <ClInclude Include="Lib\AWS\include\aws\s3\model\PutBucketInventoryConfigurationRequest.h">
      <Filter>Header Files</Filter>
    </ClInclude>
    <ClInclude Include="Lib\AWS\include\aws\s3\model\PutBucketLifecycleConfigurationRequest.h">
      <Filter>Header Files</Filter>
    </ClInclude>
    <ClInclude Include="Lib\AWS\include\aws\s3\model\PutBucketLoggingRequest.h">
      <Filter>Header Files</Filter>
    </ClInclude>
    <ClInclude Include="Lib\AWS\include\aws\s3\model\PutBucketMetricsConfigurationRequest.h">
      <Filter>Header Files</Filter>
    </ClInclude>
    <ClInclude Include="Lib\AWS\include\aws\s3\model\PutBucketNotificationConfigurationRequest.h">
      <Filter>Header Files</Filter>
    </ClInclude>
    <ClInclude Include="Lib\AWS\include\aws\s3\model\PutBucketOwnershipControlsRequest.h">
      <Filter>Header Files</Filter>
    </ClInclude>
    <ClInclude Include="Lib\AWS\include\aws\s3\model\PutBucketPolicyRequest.h">
      <Filter>Header Files</Filter>
    </ClInclude>
    <ClInclude Include="Lib\AWS\include\aws\s3\model\PutBucketReplicationRequest.h">
      <Filter>Header Files</Filter>
    </ClInclude>
    <ClInclude Include="Lib\AWS\include\aws\s3\model\PutBucketRequestPaymentRequest.h">
      <Filter>Header Files</Filter>
    </ClInclude>
    <ClInclude Include="Lib\AWS\include\aws\s3\model\PutBucketTaggingRequest.h">
      <Filter>Header Files</Filter>
    </ClInclude>
    <ClInclude Include="Lib\AWS\include\aws\s3\model\PutBucketVersioningRequest.h">
      <Filter>Header Files</Filter>
    </ClInclude>
    <ClInclude Include="Lib\AWS\include\aws\s3\model\PutBucketWebsiteRequest.h">
      <Filter>Header Files</Filter>
    </ClInclude>
    <ClInclude Include="Lib\AWS\include\aws\s3\model\PutObjectAclRequest.h">
      <Filter>Header Files</Filter>
    </ClInclude>
    <ClInclude Include="Lib\AWS\include\aws\s3\model\PutObjectAclResult.h">
      <Filter>Header Files</Filter>
    </ClInclude>
    <ClInclude Include="Lib\AWS\include\aws\s3\model\PutObjectLegalHoldRequest.h">
      <Filter>Header Files</Filter>
    </ClInclude>
    <ClInclude Include="Lib\AWS\include\aws\s3\model\PutObjectLegalHoldResult.h">
      <Filter>Header Files</Filter>
    </ClInclude>
    <ClInclude Include="Lib\AWS\include\aws\s3\model\PutObjectLockConfigurationRequest.h">
      <Filter>Header Files</Filter>
    </ClInclude>
    <ClInclude Include="Lib\AWS\include\aws\s3\model\PutObjectLockConfigurationResult.h">
      <Filter>Header Files</Filter>
    </ClInclude>
    <ClInclude Include="Lib\AWS\include\aws\s3\model\PutObjectRequest.h">
      <Filter>Header Files</Filter>
    </ClInclude>
    <ClInclude Include="Lib\AWS\include\aws\s3\model\PutObjectResult.h">
      <Filter>Header Files</Filter>
    </ClInclude>
    <ClInclude Include="Lib\AWS\include\aws\s3\model\PutObjectRetentionRequest.h">
      <Filter>Header Files</Filter>
    </ClInclude>
    <ClInclude Include="Lib\AWS\include\aws\s3\model\PutObjectRetentionResult.h">
      <Filter>Header Files</Filter>
    </ClInclude>
    <ClInclude Include="Lib\AWS\include\aws\s3\model\PutObjectTaggingRequest.h">
      <Filter>Header Files</Filter>
    </ClInclude>
    <ClInclude Include="Lib\AWS\include\aws\s3\model\PutObjectTaggingResult.h">
      <Filter>Header Files</Filter>
    </ClInclude>
    <ClInclude Include="Lib\AWS\include\aws\s3\model\PutPublicAccessBlockRequest.h">
      <Filter>Header Files</Filter>
    </ClInclude>
    <ClInclude Include="Lib\AWS\include\aws\s3\model\QueueConfiguration.h">
      <Filter>Header Files</Filter>
    </ClInclude>
    <ClInclude Include="Lib\AWS\include\aws\s3\model\QueueConfigurationDeprecated.h">
      <Filter>Header Files</Filter>
    </ClInclude>
    <ClInclude Include="Lib\AWS\include\aws\s3\model\QuoteFields.h">
      <Filter>Header Files</Filter>
    </ClInclude>
    <ClInclude Include="Lib\AWS\include\aws\s3\model\RecordsEvent.h">
      <Filter>Header Files</Filter>
    </ClInclude>
    <ClInclude Include="Lib\AWS\include\aws\s3\model\Redirect.h">
      <Filter>Header Files</Filter>
    </ClInclude>
    <ClInclude Include="Lib\AWS\include\aws\s3\model\RedirectAllRequestsTo.h">
      <Filter>Header Files</Filter>
    </ClInclude>
    <ClInclude Include="Lib\AWS\include\aws\s3\model\ReplicaModifications.h">
      <Filter>Header Files</Filter>
    </ClInclude>
    <ClInclude Include="Lib\AWS\include\aws\s3\model\ReplicaModificationsStatus.h">
      <Filter>Header Files</Filter>
    </ClInclude>
    <ClInclude Include="Lib\AWS\include\aws\s3\model\ReplicationConfiguration.h">
      <Filter>Header Files</Filter>
    </ClInclude>
    <ClInclude Include="Lib\AWS\include\aws\s3\model\ReplicationRule.h">
      <Filter>Header Files</Filter>
    </ClInclude>
    <ClInclude Include="Lib\AWS\include\aws\s3\model\ReplicationRuleAndOperator.h">
      <Filter>Header Files</Filter>
    </ClInclude>
    <ClInclude Include="Lib\AWS\include\aws\s3\model\ReplicationRuleFilter.h">
      <Filter>Header Files</Filter>
    </ClInclude>
    <ClInclude Include="Lib\AWS\include\aws\s3\model\ReplicationRuleStatus.h">
      <Filter>Header Files</Filter>
    </ClInclude>
    <ClInclude Include="Lib\AWS\include\aws\s3\model\ReplicationStatus.h">
      <Filter>Header Files</Filter>
    </ClInclude>
    <ClInclude Include="Lib\AWS\include\aws\s3\model\ReplicationTime.h">
      <Filter>Header Files</Filter>
    </ClInclude>
    <ClInclude Include="Lib\AWS\include\aws\s3\model\ReplicationTimeStatus.h">
      <Filter>Header Files</Filter>
    </ClInclude>
    <ClInclude Include="Lib\AWS\include\aws\s3\model\ReplicationTimeValue.h">
      <Filter>Header Files</Filter>
    </ClInclude>
    <ClInclude Include="Lib\AWS\include\aws\s3\model\RequestCharged.h">
      <Filter>Header Files</Filter>
    </ClInclude>
    <ClInclude Include="Lib\AWS\include\aws\s3\model\RequestPayer.h">
      <Filter>Header Files</Filter>
    </ClInclude>
    <ClInclude Include="Lib\AWS\include\aws\s3\model\RequestPaymentConfiguration.h">
      <Filter>Header Files</Filter>
    </ClInclude>
    <ClInclude Include="Lib\AWS\include\aws\s3\model\RequestProgress.h">
      <Filter>Header Files</Filter>
    </ClInclude>
    <ClInclude Include="Lib\AWS\include\aws\s3\model\RestoreObjectRequest.h">
      <Filter>Header Files</Filter>
    </ClInclude>
    <ClInclude Include="Lib\AWS\include\aws\s3\model\RestoreObjectResult.h">
      <Filter>Header Files</Filter>
    </ClInclude>
    <ClInclude Include="Lib\AWS\include\aws\s3\model\RestoreRequest.h">
      <Filter>Header Files</Filter>
    </ClInclude>
    <ClInclude Include="Lib\AWS\include\aws\s3\model\RestoreRequestType.h">
      <Filter>Header Files</Filter>
    </ClInclude>
    <ClInclude Include="Lib\AWS\include\aws\s3\model\RoutingRule.h">
      <Filter>Header Files</Filter>
    </ClInclude>
    <ClInclude Include="Lib\AWS\include\aws\s3\model\Rule.h">
      <Filter>Header Files</Filter>
    </ClInclude>
    <ClInclude Include="Lib\AWS\include\aws\s3\model\S3KeyFilter.h">
      <Filter>Header Files</Filter>
    </ClInclude>
    <ClInclude Include="Lib\AWS\include\aws\s3\model\S3Location.h">
      <Filter>Header Files</Filter>
    </ClInclude>
    <ClInclude Include="Lib\AWS\include\aws\s3\model\ScanRange.h">
      <Filter>Header Files</Filter>
    </ClInclude>
    <ClInclude Include="Lib\AWS\include\aws\s3\model\SelectObjectContentHandler.h">
      <Filter>Header Files</Filter>
    </ClInclude>
    <ClInclude Include="Lib\AWS\include\aws\s3\model\SelectObjectContentRequest.h">
      <Filter>Header Files</Filter>
    </ClInclude>
    <ClInclude Include="Lib\AWS\include\aws\s3\model\SelectParameters.h">
      <Filter>Header Files</Filter>
    </ClInclude>
    <ClInclude Include="Lib\AWS\include\aws\s3\model\ServerSideEncryption.h">
      <Filter>Header Files</Filter>
    </ClInclude>
    <ClInclude Include="Lib\AWS\include\aws\s3\model\ServerSideEncryptionByDefault.h">
      <Filter>Header Files</Filter>
    </ClInclude>
    <ClInclude Include="Lib\AWS\include\aws\s3\model\ServerSideEncryptionConfiguration.h">
      <Filter>Header Files</Filter>
    </ClInclude>
    <ClInclude Include="Lib\AWS\include\aws\s3\model\ServerSideEncryptionRule.h">
      <Filter>Header Files</Filter>
    </ClInclude>
    <ClInclude Include="Lib\AWS\include\aws\s3\model\SourceSelectionCriteria.h">
      <Filter>Header Files</Filter>
    </ClInclude>
    <ClInclude Include="Lib\AWS\include\aws\s3\model\SSEKMS.h">
      <Filter>Header Files</Filter>
    </ClInclude>
    <ClInclude Include="Lib\AWS\include\aws\s3\model\SseKmsEncryptedObjects.h">
      <Filter>Header Files</Filter>
    </ClInclude>
    <ClInclude Include="Lib\AWS\include\aws\s3\model\SseKmsEncryptedObjectsStatus.h">
      <Filter>Header Files</Filter>
    </ClInclude>
    <ClInclude Include="Lib\AWS\include\aws\s3\model\SSES3.h">
      <Filter>Header Files</Filter>
    </ClInclude>
    <ClInclude Include="Lib\AWS\include\aws\s3\model\Stats.h">
      <Filter>Header Files</Filter>
    </ClInclude>
    <ClInclude Include="Lib\AWS\include\aws\s3\model\StatsEvent.h">
      <Filter>Header Files</Filter>
    </ClInclude>
    <ClInclude Include="Lib\AWS\include\aws\s3\model\StorageClass.h">
      <Filter>Header Files</Filter>
    </ClInclude>
    <ClInclude Include="Lib\AWS\include\aws\s3\model\StorageClassAnalysis.h">
      <Filter>Header Files</Filter>
    </ClInclude>
    <ClInclude Include="Lib\AWS\include\aws\s3\model\StorageClassAnalysisDataExport.h">
      <Filter>Header Files</Filter>
    </ClInclude>
    <ClInclude Include="Lib\AWS\include\aws\s3\model\StorageClassAnalysisSchemaVersion.h">
      <Filter>Header Files</Filter>
    </ClInclude>
    <ClInclude Include="Lib\AWS\include\aws\s3\model\Tag.h">
      <Filter>Header Files</Filter>
    </ClInclude>
    <ClInclude Include="Lib\AWS\include\aws\s3\model\Tagging.h">
      <Filter>Header Files</Filter>
    </ClInclude>
    <ClInclude Include="Lib\AWS\include\aws\s3\model\TaggingDirective.h">
      <Filter>Header Files</Filter>
    </ClInclude>
    <ClInclude Include="Lib\AWS\include\aws\s3\model\TargetGrant.h">
      <Filter>Header Files</Filter>
    </ClInclude>
    <ClInclude Include="Lib\AWS\include\aws\s3\model\Tier.h">
      <Filter>Header Files</Filter>
    </ClInclude>
    <ClInclude Include="Lib\AWS\include\aws\s3\model\Tiering.h">
      <Filter>Header Files</Filter>
    </ClInclude>
    <ClInclude Include="Lib\AWS\include\aws\s3\model\TopicConfiguration.h">
      <Filter>Header Files</Filter>
    </ClInclude>
    <ClInclude Include="Lib\AWS\include\aws\s3\model\TopicConfigurationDeprecated.h">
      <Filter>Header Files</Filter>
    </ClInclude>
    <ClInclude Include="Lib\AWS\include\aws\s3\model\Transition.h">
      <Filter>Header Files</Filter>
    </ClInclude>
    <ClInclude Include="Lib\AWS\include\aws\s3\model\TransitionStorageClass.h">
      <Filter>Header Files</Filter>
    </ClInclude>
    <ClInclude Include="Lib\AWS\include\aws\s3\model\Type.h">
      <Filter>Header Files</Filter>
    </ClInclude>
    <ClInclude Include="Lib\AWS\include\aws\s3\model\UploadPartCopyRequest.h">
      <Filter>Header Files</Filter>
    </ClInclude>
    <ClInclude Include="Lib\AWS\include\aws\s3\model\UploadPartCopyResult.h">
      <Filter>Header Files</Filter>
    </ClInclude>
    <ClInclude Include="Lib\AWS\include\aws\s3\model\UploadPartRequest.h">
      <Filter>Header Files</Filter>
    </ClInclude>
    <ClInclude Include="Lib\AWS\include\aws\s3\model\UploadPartResult.h">
      <Filter>Header Files</Filter>
    </ClInclude>
    <ClInclude Include="Lib\AWS\include\aws\s3\model\VersioningConfiguration.h">
      <Filter>Header Files</Filter>
    </ClInclude>
    <ClInclude Include="Lib\AWS\include\aws\s3\model\WebsiteConfiguration.h">
      <Filter>Header Files</Filter>
    </ClInclude>
    <ClInclude Include="Lib\AWS\include\aws\s3\model\WriteGetObjectResponseRequest.h">
      <Filter>Header Files</Filter>
    </ClInclude>
    <ClInclude Include="Lib\AWS\include\aws\s3\s3.h">
      <Filter>Header Files</Filter>
    </ClInclude>
    <ClInclude Include="Lib\AWS\include\aws\s3\S3ARN.h">
      <Filter>Header Files</Filter>
    </ClInclude>
    <ClInclude Include="Lib\AWS\include\aws\s3\S3Client.h">
      <Filter>Header Files</Filter>
    </ClInclude>
    <ClInclude Include="Lib\AWS\include\aws\s3\S3Endpoint.h">
      <Filter>Header Files</Filter>
    </ClInclude>
    <ClInclude Include="Lib\AWS\include\aws\s3\S3ErrorMarshaller.h">
      <Filter>Header Files</Filter>
    </ClInclude>
    <ClInclude Include="Lib\AWS\include\aws\s3\S3Errors.h">
      <Filter>Header Files</Filter>
    </ClInclude>
    <ClInclude Include="Lib\AWS\include\aws\s3\S3Request.h">
      <Filter>Header Files</Filter>
    </ClInclude>
    <ClInclude Include="Lib\AWS\include\aws\s3\s3_client.h">
      <Filter>Header Files</Filter>
    </ClInclude>
    <ClInclude Include="Lib\AWS\include\aws\s3\S3_EXPORTS.h">
      <Filter>Header Files</Filter>
    </ClInclude>
    <ClInclude Include="Lib\AWS\include\aws\sts\model\AssumedRoleUser.h">
      <Filter>Header Files</Filter>
    </ClInclude>
    <ClInclude Include="Lib\AWS\include\aws\sts\model\AssumeRoleRequest.h">
      <Filter>Header Files</Filter>
    </ClInclude>
    <ClInclude Include="Lib\AWS\include\aws\sts\model\AssumeRoleResult.h">
      <Filter>Header Files</Filter>
    </ClInclude>
    <ClInclude Include="Lib\AWS\include\aws\sts\model\AssumeRoleWithSAMLRequest.h">
      <Filter>Header Files</Filter>
    </ClInclude>
    <ClInclude Include="Lib\AWS\include\aws\sts\model\AssumeRoleWithSAMLResult.h">
      <Filter>Header Files</Filter>
    </ClInclude>
    <ClInclude Include="Lib\AWS\include\aws\sts\model\AssumeRoleWithWebIdentityRequest.h">
      <Filter>Header Files</Filter>
    </ClInclude>
    <ClInclude Include="Lib\AWS\include\aws\sts\model\AssumeRoleWithWebIdentityResult.h">
      <Filter>Header Files</Filter>
    </ClInclude>
    <ClInclude Include="Lib\AWS\include\aws\sts\model\Credentials.h">
      <Filter>Header Files</Filter>
    </ClInclude>
    <ClInclude Include="Lib\AWS\include\aws\sts\model\DecodeAuthorizationMessageRequest.h">
      <Filter>Header Files</Filter>
    </ClInclude>
    <ClInclude Include="Lib\AWS\include\aws\sts\model\DecodeAuthorizationMessageResult.h">
      <Filter>Header Files</Filter>
    </ClInclude>
    <ClInclude Include="Lib\AWS\include\aws\sts\model\FederatedUser.h">
      <Filter>Header Files</Filter>
    </ClInclude>
    <ClInclude Include="Lib\AWS\include\aws\sts\model\GetAccessKeyInfoRequest.h">
      <Filter>Header Files</Filter>
    </ClInclude>
    <ClInclude Include="Lib\AWS\include\aws\sts\model\GetAccessKeyInfoResult.h">
      <Filter>Header Files</Filter>
    </ClInclude>
    <ClInclude Include="Lib\AWS\include\aws\sts\model\GetCallerIdentityRequest.h">
      <Filter>Header Files</Filter>
    </ClInclude>
    <ClInclude Include="Lib\AWS\include\aws\sts\model\GetCallerIdentityResult.h">
      <Filter>Header Files</Filter>
    </ClInclude>
    <ClInclude Include="Lib\AWS\include\aws\sts\model\GetFederationTokenRequest.h">
      <Filter>Header Files</Filter>
    </ClInclude>
    <ClInclude Include="Lib\AWS\include\aws\sts\model\GetFederationTokenResult.h">
      <Filter>Header Files</Filter>
    </ClInclude>
    <ClInclude Include="Lib\AWS\include\aws\sts\model\GetSessionTokenRequest.h">
      <Filter>Header Files</Filter>
    </ClInclude>
    <ClInclude Include="Lib\AWS\include\aws\sts\model\GetSessionTokenResult.h">
      <Filter>Header Files</Filter>
    </ClInclude>
    <ClInclude Include="Lib\AWS\include\aws\sts\model\PolicyDescriptorType.h">
      <Filter>Header Files</Filter>
    </ClInclude>
    <ClInclude Include="Lib\AWS\include\aws\sts\model\ResponseMetadata.h">
      <Filter>Header Files</Filter>
    </ClInclude>
    <ClInclude Include="Lib\AWS\include\aws\sts\model\Tag.h">
      <Filter>Header Files</Filter>
    </ClInclude>
    <ClInclude Include="Lib\AWS\include\aws\sts\STSClient.h">
      <Filter>Header Files</Filter>
    </ClInclude>
    <ClInclude Include="Lib\AWS\include\aws\sts\STSEndpoint.h">
      <Filter>Header Files</Filter>
    </ClInclude>
    <ClInclude Include="Lib\AWS\include\aws\sts\STSErrorMarshaller.h">
      <Filter>Header Files</Filter>
    </ClInclude>
    <ClInclude Include="Lib\AWS\include\aws\sts\STSErrors.h">
      <Filter>Header Files</Filter>
    </ClInclude>
    <ClInclude Include="Lib\AWS\include\aws\sts\STSRequest.h">
      <Filter>Header Files</Filter>
    </ClInclude>
    <ClInclude Include="Lib\AWS\include\aws\sts\STS_EXPORTS.h">
      <Filter>Header Files</Filter>
    </ClInclude>
    <ClInclude Include="Source\Class\Cache\lru_cache.h">
      <Filter>Header Files</Filter>
    </ClInclude>
    <ClInclude Include="Source\Class\CConfig\Config.h">
      <Filter>Header Files</Filter>
    </ClInclude>
    <ClInclude Include="Source\Class\ConnectionPool\ConnectionPool.h">
      <Filter>Header Files</Filter>
    </ClInclude>
    <ClInclude Include="Source\Class\Provider\Provider.h">
      <Filter>Header Files</Filter>
    </ClInclude>
    <ClInclude Include="Source\Class\S3W\S3Wrapper.h">
      <Filter>Header Files</Filter>
    </ClInclude>
    <ClInclude Include="Source\Class\ServiceBase\ServiceBase.h">
      <Filter>Header Files</Filter>
    </ClInclude>
    <ClInclude Include="Source\Class\ServiceInstaller\ServiceInstaller.h">
      <Filter>Header Files</Filter>
    </ClInclude>
    <ClInclude Include="Source\Class\ThreadPool\ThreadPool.h">
      <Filter>Header Files</Filter>
    </ClInclude>
    <ClInclude Include="Source\Class\User\User.h">
      <Filter>Header Files</Filter>
    </ClInclude>
    <ClInclude Include="Source\Class\UUID\uuid_4.h">
      <Filter>Header Files</Filter>
    </ClInclude>
    <ClInclude Include="Source\Class\Validate\Validate.h">
      <Filter>Header Files</Filter>
    </ClInclude>
    <ClInclude Include="Source\Service\Control\MainControl\IDNService.h">
      <Filter>Header Files</Filter>
    </ClInclude>
    <ClInclude Include="Source\Service\Model\CModel\Model.h">
      <Filter>Header Files</Filter>
    </ClInclude>
    <ClInclude Include="Source\Tools\StringProcess.h">
      <Filter>Header Files</Filter>
    </ClInclude>
    <ClInclude Include="Source\Tools\SupportFunc.h">
      <Filter>Header Files</Filter>
    </ClInclude>
    <ClInclude Include="Source\Class\ErrorCode\Error_code.h">
      <Filter>Header Files</Filter>
    </ClInclude>
    <ClInclude Include="Source\Service\Model\UserModel\UserModel.h">
      <Filter>Header Files</Filter>
    </ClInclude>
    <ClInclude Include="Source\Class\ConnectionPool\CrowRequestPool.h">
      <Filter>Header Files</Filter>
    </ClInclude>
    <ClInclude Include="Source\Class\Define\ApiDefine.h">
      <Filter>Header Files</Filter>
    </ClInclude>
    <ClInclude Include="Source\Class\Define\ConfigDefine.h">
      <Filter>Header Files</Filter>
    </ClInclude>
    <ClInclude Include="Source\Class\Define\IDNStruct.h">
      <Filter>Header Files</Filter>
    </ClInclude>
    <ClInclude Include="Source\Class\POI\PoiManager.h">
      <Filter>Header Files</Filter>
    </ClInclude>
    <ClInclude Include="Source\Class\Building3d\building3d.h">
      <Filter>Header Files</Filter>
    </ClInclude>
    <ClInclude Include="Source\Class\UUID\UuidGenerator.h">
      <Filter>Header Files</Filter>
    </ClInclude>
    <ClInclude Include="Source\Service\Model\ResourceModel\ResourceModel.h">
      <Filter>Header Files</Filter>
    </ClInclude>
    <ClInclude Include="Source\Class\Resource\Resource.h">
      <Filter>Header Files</Filter>
    </ClInclude>
    <ClInclude Include="Source\Service\Model\ProviderModel\ProviderModel.h">
      <Filter>Header Files</Filter>
    </ClInclude>
    <ClInclude Include="Source\Class\Inc\Noncopyable\noncopyable.hpp">
      <Filter>Header Files</Filter>
    </ClInclude>
    <ClInclude Include="Source\Class\Inc\Task\task_impl.hpp">
      <Filter>Header Files</Filter>
    </ClInclude>
    <ClInclude Include="Source\Class\Inc\Task\threadpool.hpp">
      <Filter>Header Files</Filter>
    </ClInclude>
  </ItemGroup>
  <ItemGroup>
    <None Include="Config\config.json" />
    <None Include="config\config_POI.json" />
    <None Include="Lib\AWS\include\aws\common\array_list.inl">
      <Filter>Header Files</Filter>
    </None>
    <None Include="Lib\AWS\include\aws\common\atomics.inl">
      <Filter>Header Files</Filter>
    </None>
    <None Include="Lib\AWS\include\aws\common\atomics_fallback.inl">
      <Filter>Header Files</Filter>
    </None>
    <None Include="Lib\AWS\include\aws\common\atomics_gnu.inl">
      <Filter>Header Files</Filter>
    </None>
    <None Include="Lib\AWS\include\aws\common\atomics_gnu_old.inl">
      <Filter>Header Files</Filter>
    </None>
    <None Include="Lib\AWS\include\aws\common\atomics_msvc.inl">
      <Filter>Header Files</Filter>
    </None>
    <None Include="Lib\AWS\include\aws\common\byte_order.inl">
      <Filter>Header Files</Filter>
    </None>
    <None Include="Lib\AWS\include\aws\common\clock.inl">
      <Filter>Header Files</Filter>
    </None>
    <None Include="Lib\AWS\include\aws\common\encoding.inl">
      <Filter>Header Files</Filter>
    </None>
    <None Include="Lib\AWS\include\aws\common\error.inl">
      <Filter>Header Files</Filter>
    </None>
    <None Include="Lib\AWS\include\aws\common\linked_list.inl">
      <Filter>Header Files</Filter>
    </None>
    <None Include="Lib\AWS\include\aws\common\math.cbmc.inl">
      <Filter>Header Files</Filter>
    </None>
    <None Include="Lib\AWS\include\aws\common\math.fallback.inl">
      <Filter>Header Files</Filter>
    </None>
    <None Include="Lib\AWS\include\aws\common\math.gcc_arm64_asm.inl">
      <Filter>Header Files</Filter>
    </None>
    <None Include="Lib\AWS\include\aws\common\math.gcc_builtin.inl">
      <Filter>Header Files</Filter>
    </None>
    <None Include="Lib\AWS\include\aws\common\math.gcc_overflow.inl">
      <Filter>Header Files</Filter>
    </None>
    <None Include="Lib\AWS\include\aws\common\math.gcc_x64_asm.inl">
      <Filter>Header Files</Filter>
    </None>
    <None Include="Lib\AWS\include\aws\common\math.inl">
      <Filter>Header Files</Filter>
    </None>
    <None Include="Lib\AWS\include\aws\common\math.msvc.inl">
      <Filter>Header Files</Filter>
    </None>
    <None Include="Lib\AWS\include\aws\common\ring_buffer.inl">
      <Filter>Header Files</Filter>
    </None>
    <None Include="Lib\AWS\include\aws\common\string.inl">
      <Filter>Header Files</Filter>
    </None>
    <None Include="Lib\AWS\include\aws\common\zero.inl">
      <Filter>Header Files</Filter>
    </None>
    <None Include="Source\cpp.hint" />
  </ItemGroup>
</Project>